// !$*UTF8*$!
{
	archiveVersion = 1;
	classes = {
	};
	objectVersion = 46;
	objects = {

/* Begin PBXBuildFile section */
		5214496B14E82B6900B0114A /* UIKit.framework in Frameworks */ = {isa = PBXBuildFile; fileRef = 5214496A14E82B6900B0114A /* UIKit.framework */; };
		5214496D14E82B6900B0114A /* Foundation.framework in Frameworks */ = {isa = PBXBuildFile; fileRef = 5214496C14E82B6900B0114A /* Foundation.framework */; };
		5214496F14E82B6900B0114A /* CoreGraphics.framework in Frameworks */ = {isa = PBXBuildFile; fileRef = 5214496E14E82B6900B0114A /* CoreGraphics.framework */; };
		5214497514E82B6900B0114A /* InfoPlist.strings in Resources */ = {isa = PBXBuildFile; fileRef = 5214497314E82B6900B0114A /* InfoPlist.strings */; };
		5214497714E82B6900B0114A /* main.m in Sources */ = {isa = PBXBuildFile; fileRef = 5214497614E82B6900B0114A /* main.m */; };
		5214497B14E82B6900B0114A /* AppDelegate.m in Sources */ = {isa = PBXBuildFile; fileRef = 5214497A14E82B6900B0114A /* AppDelegate.m */; };
		5214497E14E82B6900B0114A /* MasterViewController.m in Sources */ = {isa = PBXBuildFile; fileRef = 5214497D14E82B6900B0114A /* MasterViewController.m */; };
		5214498114E82B6900B0114A /* DetailViewController.m in Sources */ = {isa = PBXBuildFile; fileRef = 5214498014E82B6900B0114A /* DetailViewController.m */; };
		5214498414E82B6900B0114A /* MasterViewController_iPhone.xib in Resources */ = {isa = PBXBuildFile; fileRef = 5214498214E82B6900B0114A /* MasterViewController_iPhone.xib */; };
		5214498714E82B6900B0114A /* MasterViewController_iPad.xib in Resources */ = {isa = PBXBuildFile; fileRef = 5214498514E82B6900B0114A /* MasterViewController_iPad.xib */; };
		5214498A14E82B6900B0114A /* DetailViewController_iPhone.xib in Resources */ = {isa = PBXBuildFile; fileRef = 5214498814E82B6900B0114A /* DetailViewController_iPhone.xib */; };
		5214498D14E82B6900B0114A /* DetailViewController_iPad.xib in Resources */ = {isa = PBXBuildFile; fileRef = 5214498B14E82B6900B0114A /* DetailViewController_iPad.xib */; };
		5214499514E82B6900B0114A /* SenTestingKit.framework in Frameworks */ = {isa = PBXBuildFile; fileRef = 5214499414E82B6900B0114A /* SenTestingKit.framework */; };
		5214499614E82B6900B0114A /* UIKit.framework in Frameworks */ = {isa = PBXBuildFile; fileRef = 5214496A14E82B6900B0114A /* UIKit.framework */; };
		5214499714E82B6900B0114A /* Foundation.framework in Frameworks */ = {isa = PBXBuildFile; fileRef = 5214496C14E82B6900B0114A /* Foundation.framework */; };
		5214499F14E82B6900B0114A /* InfoPlist.strings in Resources */ = {isa = PBXBuildFile; fileRef = 5214499D14E82B6900B0114A /* InfoPlist.strings */; };
		521449A214E82B6900B0114A /* WebWorkTests.m in Sources */ = {isa = PBXBuildFile; fileRef = 521449A114E82B6900B0114A /* WebWorkTests.m */; };
		52144A1C14E8345A00B0114A /* NSData+Base64.m in Sources */ = {isa = PBXBuildFile; fileRef = 52144A0214E8345A00B0114A /* NSData+Base64.m */; };
		52144A1D14E8345A00B0114A /* NSMutableArray+Soap.m in Sources */ = {isa = PBXBuildFile; fileRef = 52144A0414E8345A00B0114A /* NSMutableArray+Soap.m */; };
		52144A1E14E8345A00B0114A /* Soap.m in Sources */ = {isa = PBXBuildFile; fileRef = 52144A0614E8345A00B0114A /* Soap.m */; };
		52144A1F14E8345A00B0114A /* SoapArray.m in Sources */ = {isa = PBXBuildFile; fileRef = 52144A0814E8345A00B0114A /* SoapArray.m */; };
		52144A2014E8345A00B0114A /* SoapFault.m in Sources */ = {isa = PBXBuildFile; fileRef = 52144A0B14E8345A00B0114A /* SoapFault.m */; };
		52144A2114E8345A00B0114A /* SoapHandler.m in Sources */ = {isa = PBXBuildFile; fileRef = 52144A0D14E8345A00B0114A /* SoapHandler.m */; };
		52144A2214E8345A00B0114A /* SoapLiteral.m in Sources */ = {isa = PBXBuildFile; fileRef = 52144A0F14E8345A00B0114A /* SoapLiteral.m */; };
		52144A2314E8345A00B0114A /* SoapNil.m in Sources */ = {isa = PBXBuildFile; fileRef = 52144A1114E8345A00B0114A /* SoapNil.m */; };
		52144A2414E8345A00B0114A /* SoapObject.m in Sources */ = {isa = PBXBuildFile; fileRef = 52144A1314E8345A00B0114A /* SoapObject.m */; };
		52144A2514E8345A00B0114A /* SoapParameter.m in Sources */ = {isa = PBXBuildFile; fileRef = 52144A1514E8345A00B0114A /* SoapParameter.m */; };
		52144A2614E8345A00B0114A /* SoapReachability.m in Sources */ = {isa = PBXBuildFile; fileRef = 52144A1714E8345A00B0114A /* SoapReachability.m */; };
		52144A2714E8345A00B0114A /* SoapRequest.m in Sources */ = {isa = PBXBuildFile; fileRef = 52144A1914E8345A00B0114A /* SoapRequest.m */; };
		52144A2814E8345A00B0114A /* SoapService.m in Sources */ = {isa = PBXBuildFile; fileRef = 52144A1B14E8345A00B0114A /* SoapService.m */; };
		52144A3714E8346300B0114A /* CXMLDocument.m in Sources */ = {isa = PBXBuildFile; fileRef = 52144A2B14E8346300B0114A /* CXMLDocument.m */; };
		52144A3814E8346300B0114A /* CXMLDocument_PrivateExtensions.m in Sources */ = {isa = PBXBuildFile; fileRef = 52144A2D14E8346300B0114A /* CXMLDocument_PrivateExtensions.m */; };
		52144A3914E8346300B0114A /* CXMLElement.m in Sources */ = {isa = PBXBuildFile; fileRef = 52144A2F14E8346300B0114A /* CXMLElement.m */; };
		52144A3A14E8346300B0114A /* CXMLNode.m in Sources */ = {isa = PBXBuildFile; fileRef = 52144A3114E8346300B0114A /* CXMLNode.m */; };
		52144A3B14E8346300B0114A /* CXMLNode_PrivateExtensions.m in Sources */ = {isa = PBXBuildFile; fileRef = 52144A3314E8346300B0114A /* CXMLNode_PrivateExtensions.m */; };
		52144A3C14E8346300B0114A /* CXMLNode_XPathExtensions.m in Sources */ = {isa = PBXBuildFile; fileRef = 52144A3514E8346300B0114A /* CXMLNode_XPathExtensions.m */; };
		52144A3F14E83BF700B0114A /* SystemConfiguration.framework in Frameworks */ = {isa = PBXBuildFile; fileRef = 52144A3E14E83BF700B0114A /* SystemConfiguration.framework */; };
		52144A4B14E87AE900B0114A /* HomeworkTableViewController.m in Sources */ = {isa = PBXBuildFile; fileRef = 52144A4914E87AE800B0114A /* HomeworkTableViewController.m */; };
		527B1A7314E89D51000B73CA /* ArrayOfString.m in Sources */ = {isa = PBXBuildFile; fileRef = 527B1A4C14E89D51000B73CA /* ArrayOfString.m */; };
		527B1A7414E89D51000B73CA /* ArrayOfWebworkSOAPClassesGlobalProblem.m in Sources */ = {isa = PBXBuildFile; fileRef = 527B1A4E14E89D51000B73CA /* ArrayOfWebworkSOAPClassesGlobalProblem.m */; };
		527B1A7514E89D51000B73CA /* ArrayOfWebworkSOAPClassesGlobalSet.m in Sources */ = {isa = PBXBuildFile; fileRef = 527B1A5014E89D51000B73CA /* ArrayOfWebworkSOAPClassesGlobalSet.m */; };
		527B1A7614E89D51000B73CA /* ArrayOfWebworkSOAPClassesKey.m in Sources */ = {isa = PBXBuildFile; fileRef = 527B1A5214E89D51000B73CA /* ArrayOfWebworkSOAPClassesKey.m */; };
		527B1A7714E89D51000B73CA /* ArrayOfWebworkSOAPClassesPassword.m in Sources */ = {isa = PBXBuildFile; fileRef = 527B1A5414E89D51000B73CA /* ArrayOfWebworkSOAPClassesPassword.m */; };
		527B1A7814E89D51000B73CA /* ArrayOfWebworkSOAPClassesPermission.m in Sources */ = {isa = PBXBuildFile; fileRef = 527B1A5614E89D51000B73CA /* ArrayOfWebworkSOAPClassesPermission.m */; };
		527B1A7914E89D51000B73CA /* ArrayOfWebworkSOAPClassesUser.m in Sources */ = {isa = PBXBuildFile; fileRef = 527B1A5814E89D51000B73CA /* ArrayOfWebworkSOAPClassesUser.m */; };
		527B1A7A14E89D51000B73CA /* ArrayOfWebworkSOAPClassesUserProblem.m in Sources */ = {isa = PBXBuildFile; fileRef = 527B1A5A14E89D51000B73CA /* ArrayOfWebworkSOAPClassesUserProblem.m */; };
		527B1A7B14E89D51000B73CA /* ArrayOfWebworkSOAPClassesUserSet.m in Sources */ = {isa = PBXBuildFile; fileRef = 527B1A5C14E89D51000B73CA /* ArrayOfWebworkSOAPClassesUserSet.m */; };
		527B1A7C14E89D51000B73CA /* Services.m in Sources */ = {isa = PBXBuildFile; fileRef = 527B1A5E14E89D51000B73CA /* Services.m */; };
		527B1A7D14E89D51000B73CA /* Soap+Prefix.m in Sources */ = {isa = PBXBuildFile; fileRef = 527B1A6014E89D51000B73CA /* Soap+Prefix.m */; };
		527B1A7E14E89D51000B73CA /* WebworkSOAPClassesGlobalProblem.m in Sources */ = {isa = PBXBuildFile; fileRef = 527B1A6214E89D51000B73CA /* WebworkSOAPClassesGlobalProblem.m */; };
		527B1A7F14E89D51000B73CA /* WebworkSOAPClassesGlobalSet.m in Sources */ = {isa = PBXBuildFile; fileRef = 527B1A6414E89D51000B73CA /* WebworkSOAPClassesGlobalSet.m */; };
		527B1A8014E89D51000B73CA /* WebworkSOAPClassesKey.m in Sources */ = {isa = PBXBuildFile; fileRef = 527B1A6614E89D51000B73CA /* WebworkSOAPClassesKey.m */; };
		527B1A8114E89D51000B73CA /* WebworkSOAPClassesPassword.m in Sources */ = {isa = PBXBuildFile; fileRef = 527B1A6814E89D51000B73CA /* WebworkSOAPClassesPassword.m */; };
		527B1A8214E89D51000B73CA /* WebworkSOAPClassesPermission.m in Sources */ = {isa = PBXBuildFile; fileRef = 527B1A6A14E89D51000B73CA /* WebworkSOAPClassesPermission.m */; };
		527B1A8314E89D51000B73CA /* WebworkSOAPClassesUser.m in Sources */ = {isa = PBXBuildFile; fileRef = 527B1A6C14E89D51000B73CA /* WebworkSOAPClassesUser.m */; };
		527B1A8414E89D51000B73CA /* WebworkSOAPClassesUserProblem.m in Sources */ = {isa = PBXBuildFile; fileRef = 527B1A6E14E89D51000B73CA /* WebworkSOAPClassesUserProblem.m */; };
		527B1A8514E89D51000B73CA /* WebworkSOAPClassesUserSet.m in Sources */ = {isa = PBXBuildFile; fileRef = 527B1A7014E89D51000B73CA /* WebworkSOAPClassesUserSet.m */; };
		527B1A8614E89D51000B73CA /* WebworkSOAPHandlerService.m in Sources */ = {isa = PBXBuildFile; fileRef = 527B1A7214E89D51000B73CA /* WebworkSOAPHandlerService.m */; };
		527B1AA514E89ED0000B73CA /* WebViewJavascriptBridge.m in Sources */ = {isa = PBXBuildFile; fileRef = 527B1A9914E89ED0000B73CA /* WebViewJavascriptBridge.m */; };
		527B1AAF14E89ED9000B73CA /* JSONKit.m in Sources */ = {isa = PBXBuildFile; fileRef = 527B1AAC14E89ED9000B73CA /* JSONKit.m */; };
/* End PBXBuildFile section */

/* Begin PBXContainerItemProxy section */
		5214499814E82B6900B0114A /* PBXContainerItemProxy */ = {
			isa = PBXContainerItemProxy;
			containerPortal = 5214495D14E82B6800B0114A /* Project object */;
			proxyType = 1;
			remoteGlobalIDString = 5214496514E82B6900B0114A;
			remoteInfo = WebWork;
		};
		527B1AA714E89ED0000B73CA /* PBXContainerItemProxy */ = {
			isa = PBXContainerItemProxy;
			containerPortal = 527B1A9A14E89ED0000B73CA /* WebViewJavascriptBridge.xcodeproj */;
			proxyType = 2;
			remoteGlobalIDString = 2C1E9E9C14099B4600C5C30E;
			remoteInfo = WebViewJavascriptBridge;
		};
/* End PBXContainerItemProxy section */

/* Begin PBXFileReference section */
		5214496614E82B6900B0114A /* WebWork.app */ = {isa = PBXFileReference; explicitFileType = wrapper.application; includeInIndex = 0; path = WebWork.app; sourceTree = BUILT_PRODUCTS_DIR; };
		5214496A14E82B6900B0114A /* UIKit.framework */ = {isa = PBXFileReference; lastKnownFileType = wrapper.framework; name = UIKit.framework; path = System/Library/Frameworks/UIKit.framework; sourceTree = SDKROOT; };
		5214496C14E82B6900B0114A /* Foundation.framework */ = {isa = PBXFileReference; lastKnownFileType = wrapper.framework; name = Foundation.framework; path = System/Library/Frameworks/Foundation.framework; sourceTree = SDKROOT; };
		5214496E14E82B6900B0114A /* CoreGraphics.framework */ = {isa = PBXFileReference; lastKnownFileType = wrapper.framework; name = CoreGraphics.framework; path = System/Library/Frameworks/CoreGraphics.framework; sourceTree = SDKROOT; };
		5214497214E82B6900B0114A /* WebWork-Info.plist */ = {isa = PBXFileReference; lastKnownFileType = text.plist.xml; path = "WebWork-Info.plist"; sourceTree = "<group>"; };
		5214497414E82B6900B0114A /* en */ = {isa = PBXFileReference; lastKnownFileType = text.plist.strings; name = en; path = en.lproj/InfoPlist.strings; sourceTree = "<group>"; };
		5214497614E82B6900B0114A /* main.m */ = {isa = PBXFileReference; lastKnownFileType = sourcecode.c.objc; path = main.m; sourceTree = "<group>"; };
		5214497814E82B6900B0114A /* WebWork-Prefix.pch */ = {isa = PBXFileReference; lastKnownFileType = sourcecode.c.h; path = "WebWork-Prefix.pch"; sourceTree = "<group>"; };
		5214497914E82B6900B0114A /* AppDelegate.h */ = {isa = PBXFileReference; lastKnownFileType = sourcecode.c.h; path = AppDelegate.h; sourceTree = "<group>"; };
		5214497A14E82B6900B0114A /* AppDelegate.m */ = {isa = PBXFileReference; lastKnownFileType = sourcecode.c.objc; path = AppDelegate.m; sourceTree = "<group>"; };
		5214497C14E82B6900B0114A /* MasterViewController.h */ = {isa = PBXFileReference; lastKnownFileType = sourcecode.c.h; path = MasterViewController.h; sourceTree = "<group>"; };
		5214497D14E82B6900B0114A /* MasterViewController.m */ = {isa = PBXFileReference; lastKnownFileType = sourcecode.c.objc; path = MasterViewController.m; sourceTree = "<group>"; };
		5214497F14E82B6900B0114A /* DetailViewController.h */ = {isa = PBXFileReference; lastKnownFileType = sourcecode.c.h; path = DetailViewController.h; sourceTree = "<group>"; };
		5214498014E82B6900B0114A /* DetailViewController.m */ = {isa = PBXFileReference; lastKnownFileType = sourcecode.c.objc; path = DetailViewController.m; sourceTree = "<group>"; };
		5214498314E82B6900B0114A /* en */ = {isa = PBXFileReference; lastKnownFileType = file.xib; name = en; path = en.lproj/MasterViewController_iPhone.xib; sourceTree = "<group>"; };
		5214498614E82B6900B0114A /* en */ = {isa = PBXFileReference; lastKnownFileType = file.xib; name = en; path = en.lproj/MasterViewController_iPad.xib; sourceTree = "<group>"; };
		5214498914E82B6900B0114A /* en */ = {isa = PBXFileReference; lastKnownFileType = file.xib; name = en; path = en.lproj/DetailViewController_iPhone.xib; sourceTree = "<group>"; };
		5214498C14E82B6900B0114A /* en */ = {isa = PBXFileReference; lastKnownFileType = file.xib; name = en; path = en.lproj/DetailViewController_iPad.xib; sourceTree = "<group>"; };
		5214499314E82B6900B0114A /* WebWorkTests.octest */ = {isa = PBXFileReference; explicitFileType = wrapper.cfbundle; includeInIndex = 0; path = WebWorkTests.octest; sourceTree = BUILT_PRODUCTS_DIR; };
		5214499414E82B6900B0114A /* SenTestingKit.framework */ = {isa = PBXFileReference; lastKnownFileType = wrapper.framework; name = SenTestingKit.framework; path = Library/Frameworks/SenTestingKit.framework; sourceTree = DEVELOPER_DIR; };
		5214499C14E82B6900B0114A /* WebWorkTests-Info.plist */ = {isa = PBXFileReference; lastKnownFileType = text.plist.xml; path = "WebWorkTests-Info.plist"; sourceTree = "<group>"; };
		5214499E14E82B6900B0114A /* en */ = {isa = PBXFileReference; lastKnownFileType = text.plist.strings; name = en; path = en.lproj/InfoPlist.strings; sourceTree = "<group>"; };
		521449A014E82B6900B0114A /* WebWorkTests.h */ = {isa = PBXFileReference; lastKnownFileType = sourcecode.c.h; path = WebWorkTests.h; sourceTree = "<group>"; };
		521449A114E82B6900B0114A /* WebWorkTests.m */ = {isa = PBXFileReference; lastKnownFileType = sourcecode.c.objc; path = WebWorkTests.m; sourceTree = "<group>"; };
		52144A0114E8345A00B0114A /* NSData+Base64.h */ = {isa = PBXFileReference; fileEncoding = 4; lastKnownFileType = sourcecode.c.h; path = "NSData+Base64.h"; sourceTree = "<group>"; };
		52144A0214E8345A00B0114A /* NSData+Base64.m */ = {isa = PBXFileReference; fileEncoding = 4; lastKnownFileType = sourcecode.c.objc; path = "NSData+Base64.m"; sourceTree = "<group>"; };
		52144A0314E8345A00B0114A /* NSMutableArray+Soap.h */ = {isa = PBXFileReference; fileEncoding = 4; lastKnownFileType = sourcecode.c.h; path = "NSMutableArray+Soap.h"; sourceTree = "<group>"; };
		52144A0414E8345A00B0114A /* NSMutableArray+Soap.m */ = {isa = PBXFileReference; fileEncoding = 4; lastKnownFileType = sourcecode.c.objc; path = "NSMutableArray+Soap.m"; sourceTree = "<group>"; };
		52144A0514E8345A00B0114A /* Soap.h */ = {isa = PBXFileReference; fileEncoding = 4; lastKnownFileType = sourcecode.c.h; path = Soap.h; sourceTree = "<group>"; };
		52144A0614E8345A00B0114A /* Soap.m */ = {isa = PBXFileReference; fileEncoding = 4; lastKnownFileType = sourcecode.c.objc; path = Soap.m; sourceTree = "<group>"; };
		52144A0714E8345A00B0114A /* SoapArray.h */ = {isa = PBXFileReference; fileEncoding = 4; lastKnownFileType = sourcecode.c.h; path = SoapArray.h; sourceTree = "<group>"; };
		52144A0814E8345A00B0114A /* SoapArray.m */ = {isa = PBXFileReference; fileEncoding = 4; lastKnownFileType = sourcecode.c.objc; path = SoapArray.m; sourceTree = "<group>"; };
		52144A0914E8345A00B0114A /* SoapDelegate.h */ = {isa = PBXFileReference; fileEncoding = 4; lastKnownFileType = sourcecode.c.h; path = SoapDelegate.h; sourceTree = "<group>"; };
		52144A0A14E8345A00B0114A /* SoapFault.h */ = {isa = PBXFileReference; fileEncoding = 4; lastKnownFileType = sourcecode.c.h; path = SoapFault.h; sourceTree = "<group>"; };
		52144A0B14E8345A00B0114A /* SoapFault.m */ = {isa = PBXFileReference; fileEncoding = 4; lastKnownFileType = sourcecode.c.objc; path = SoapFault.m; sourceTree = "<group>"; };
		52144A0C14E8345A00B0114A /* SoapHandler.h */ = {isa = PBXFileReference; fileEncoding = 4; lastKnownFileType = sourcecode.c.h; path = SoapHandler.h; sourceTree = "<group>"; };
		52144A0D14E8345A00B0114A /* SoapHandler.m */ = {isa = PBXFileReference; fileEncoding = 4; lastKnownFileType = sourcecode.c.objc; path = SoapHandler.m; sourceTree = "<group>"; };
		52144A0E14E8345A00B0114A /* SoapLiteral.h */ = {isa = PBXFileReference; fileEncoding = 4; lastKnownFileType = sourcecode.c.h; path = SoapLiteral.h; sourceTree = "<group>"; };
		52144A0F14E8345A00B0114A /* SoapLiteral.m */ = {isa = PBXFileReference; fileEncoding = 4; lastKnownFileType = sourcecode.c.objc; path = SoapLiteral.m; sourceTree = "<group>"; };
		52144A1014E8345A00B0114A /* SoapNil.h */ = {isa = PBXFileReference; fileEncoding = 4; lastKnownFileType = sourcecode.c.h; path = SoapNil.h; sourceTree = "<group>"; };
		52144A1114E8345A00B0114A /* SoapNil.m */ = {isa = PBXFileReference; fileEncoding = 4; lastKnownFileType = sourcecode.c.objc; path = SoapNil.m; sourceTree = "<group>"; };
		52144A1214E8345A00B0114A /* SoapObject.h */ = {isa = PBXFileReference; fileEncoding = 4; lastKnownFileType = sourcecode.c.h; path = SoapObject.h; sourceTree = "<group>"; };
		52144A1314E8345A00B0114A /* SoapObject.m */ = {isa = PBXFileReference; fileEncoding = 4; lastKnownFileType = sourcecode.c.objc; path = SoapObject.m; sourceTree = "<group>"; };
		52144A1414E8345A00B0114A /* SoapParameter.h */ = {isa = PBXFileReference; fileEncoding = 4; lastKnownFileType = sourcecode.c.h; path = SoapParameter.h; sourceTree = "<group>"; };
		52144A1514E8345A00B0114A /* SoapParameter.m */ = {isa = PBXFileReference; fileEncoding = 4; lastKnownFileType = sourcecode.c.objc; path = SoapParameter.m; sourceTree = "<group>"; };
		52144A1614E8345A00B0114A /* SoapReachability.h */ = {isa = PBXFileReference; fileEncoding = 4; lastKnownFileType = sourcecode.c.h; path = SoapReachability.h; sourceTree = "<group>"; };
		52144A1714E8345A00B0114A /* SoapReachability.m */ = {isa = PBXFileReference; fileEncoding = 4; lastKnownFileType = sourcecode.c.objc; path = SoapReachability.m; sourceTree = "<group>"; };
		52144A1814E8345A00B0114A /* SoapRequest.h */ = {isa = PBXFileReference; fileEncoding = 4; lastKnownFileType = sourcecode.c.h; path = SoapRequest.h; sourceTree = "<group>"; };
		52144A1914E8345A00B0114A /* SoapRequest.m */ = {isa = PBXFileReference; fileEncoding = 4; lastKnownFileType = sourcecode.c.objc; path = SoapRequest.m; sourceTree = "<group>"; };
		52144A1A14E8345A00B0114A /* SoapService.h */ = {isa = PBXFileReference; fileEncoding = 4; lastKnownFileType = sourcecode.c.h; path = SoapService.h; sourceTree = "<group>"; };
		52144A1B14E8345A00B0114A /* SoapService.m */ = {isa = PBXFileReference; fileEncoding = 4; lastKnownFileType = sourcecode.c.objc; path = SoapService.m; sourceTree = "<group>"; };
		52144A2A14E8346300B0114A /* CXMLDocument.h */ = {isa = PBXFileReference; fileEncoding = 4; lastKnownFileType = sourcecode.c.h; path = CXMLDocument.h; sourceTree = "<group>"; };
		52144A2B14E8346300B0114A /* CXMLDocument.m */ = {isa = PBXFileReference; fileEncoding = 4; lastKnownFileType = sourcecode.c.objc; path = CXMLDocument.m; sourceTree = "<group>"; };
		52144A2C14E8346300B0114A /* CXMLDocument_PrivateExtensions.h */ = {isa = PBXFileReference; fileEncoding = 4; lastKnownFileType = sourcecode.c.h; path = CXMLDocument_PrivateExtensions.h; sourceTree = "<group>"; };
		52144A2D14E8346300B0114A /* CXMLDocument_PrivateExtensions.m */ = {isa = PBXFileReference; fileEncoding = 4; lastKnownFileType = sourcecode.c.objc; path = CXMLDocument_PrivateExtensions.m; sourceTree = "<group>"; };
		52144A2E14E8346300B0114A /* CXMLElement.h */ = {isa = PBXFileReference; fileEncoding = 4; lastKnownFileType = sourcecode.c.h; path = CXMLElement.h; sourceTree = "<group>"; };
		52144A2F14E8346300B0114A /* CXMLElement.m */ = {isa = PBXFileReference; fileEncoding = 4; lastKnownFileType = sourcecode.c.objc; path = CXMLElement.m; sourceTree = "<group>"; };
		52144A3014E8346300B0114A /* CXMLNode.h */ = {isa = PBXFileReference; fileEncoding = 4; lastKnownFileType = sourcecode.c.h; path = CXMLNode.h; sourceTree = "<group>"; };
		52144A3114E8346300B0114A /* CXMLNode.m */ = {isa = PBXFileReference; fileEncoding = 4; lastKnownFileType = sourcecode.c.objc; path = CXMLNode.m; sourceTree = "<group>"; };
		52144A3214E8346300B0114A /* CXMLNode_PrivateExtensions.h */ = {isa = PBXFileReference; fileEncoding = 4; lastKnownFileType = sourcecode.c.h; path = CXMLNode_PrivateExtensions.h; sourceTree = "<group>"; };
		52144A3314E8346300B0114A /* CXMLNode_PrivateExtensions.m */ = {isa = PBXFileReference; fileEncoding = 4; lastKnownFileType = sourcecode.c.objc; path = CXMLNode_PrivateExtensions.m; sourceTree = "<group>"; };
		52144A3414E8346300B0114A /* CXMLNode_XPathExtensions.h */ = {isa = PBXFileReference; fileEncoding = 4; lastKnownFileType = sourcecode.c.h; path = CXMLNode_XPathExtensions.h; sourceTree = "<group>"; };
		52144A3514E8346300B0114A /* CXMLNode_XPathExtensions.m */ = {isa = PBXFileReference; fileEncoding = 4; lastKnownFileType = sourcecode.c.objc; path = CXMLNode_XPathExtensions.m; sourceTree = "<group>"; };
		52144A3614E8346300B0114A /* TouchXML.h */ = {isa = PBXFileReference; fileEncoding = 4; lastKnownFileType = sourcecode.c.h; path = TouchXML.h; sourceTree = "<group>"; };
		52144A3E14E83BF700B0114A /* SystemConfiguration.framework */ = {isa = PBXFileReference; lastKnownFileType = wrapper.framework; name = SystemConfiguration.framework; path = System/Library/Frameworks/SystemConfiguration.framework; sourceTree = SDKROOT; };
		52144A4814E87AE700B0114A /* HomeworkTableViewController.h */ = {isa = PBXFileReference; fileEncoding = 4; lastKnownFileType = sourcecode.c.h; path = HomeworkTableViewController.h; sourceTree = "<group>"; };
		52144A4914E87AE800B0114A /* HomeworkTableViewController.m */ = {isa = PBXFileReference; fileEncoding = 4; lastKnownFileType = sourcecode.c.objc; path = HomeworkTableViewController.m; sourceTree = "<group>"; };
		527B1A4B14E89D51000B73CA /* ArrayOfString.h */ = {isa = PBXFileReference; fileEncoding = 4; lastKnownFileType = sourcecode.c.h; path = ArrayOfString.h; sourceTree = "<group>"; };
		527B1A4C14E89D51000B73CA /* ArrayOfString.m */ = {isa = PBXFileReference; fileEncoding = 4; lastKnownFileType = sourcecode.c.objc; path = ArrayOfString.m; sourceTree = "<group>"; };
		527B1A4D14E89D51000B73CA /* ArrayOfWebworkSOAPClassesGlobalProblem.h */ = {isa = PBXFileReference; fileEncoding = 4; lastKnownFileType = sourcecode.c.h; path = ArrayOfWebworkSOAPClassesGlobalProblem.h; sourceTree = "<group>"; };
		527B1A4E14E89D51000B73CA /* ArrayOfWebworkSOAPClassesGlobalProblem.m */ = {isa = PBXFileReference; fileEncoding = 4; lastKnownFileType = sourcecode.c.objc; path = ArrayOfWebworkSOAPClassesGlobalProblem.m; sourceTree = "<group>"; };
		527B1A4F14E89D51000B73CA /* ArrayOfWebworkSOAPClassesGlobalSet.h */ = {isa = PBXFileReference; fileEncoding = 4; lastKnownFileType = sourcecode.c.h; path = ArrayOfWebworkSOAPClassesGlobalSet.h; sourceTree = "<group>"; };
		527B1A5014E89D51000B73CA /* ArrayOfWebworkSOAPClassesGlobalSet.m */ = {isa = PBXFileReference; fileEncoding = 4; lastKnownFileType = sourcecode.c.objc; path = ArrayOfWebworkSOAPClassesGlobalSet.m; sourceTree = "<group>"; };
		527B1A5114E89D51000B73CA /* ArrayOfWebworkSOAPClassesKey.h */ = {isa = PBXFileReference; fileEncoding = 4; lastKnownFileType = sourcecode.c.h; path = ArrayOfWebworkSOAPClassesKey.h; sourceTree = "<group>"; };
		527B1A5214E89D51000B73CA /* ArrayOfWebworkSOAPClassesKey.m */ = {isa = PBXFileReference; fileEncoding = 4; lastKnownFileType = sourcecode.c.objc; path = ArrayOfWebworkSOAPClassesKey.m; sourceTree = "<group>"; };
		527B1A5314E89D51000B73CA /* ArrayOfWebworkSOAPClassesPassword.h */ = {isa = PBXFileReference; fileEncoding = 4; lastKnownFileType = sourcecode.c.h; path = ArrayOfWebworkSOAPClassesPassword.h; sourceTree = "<group>"; };
		527B1A5414E89D51000B73CA /* ArrayOfWebworkSOAPClassesPassword.m */ = {isa = PBXFileReference; fileEncoding = 4; lastKnownFileType = sourcecode.c.objc; path = ArrayOfWebworkSOAPClassesPassword.m; sourceTree = "<group>"; };
		527B1A5514E89D51000B73CA /* ArrayOfWebworkSOAPClassesPermission.h */ = {isa = PBXFileReference; fileEncoding = 4; lastKnownFileType = sourcecode.c.h; path = ArrayOfWebworkSOAPClassesPermission.h; sourceTree = "<group>"; };
		527B1A5614E89D51000B73CA /* ArrayOfWebworkSOAPClassesPermission.m */ = {isa = PBXFileReference; fileEncoding = 4; lastKnownFileType = sourcecode.c.objc; path = ArrayOfWebworkSOAPClassesPermission.m; sourceTree = "<group>"; };
		527B1A5714E89D51000B73CA /* ArrayOfWebworkSOAPClassesUser.h */ = {isa = PBXFileReference; fileEncoding = 4; lastKnownFileType = sourcecode.c.h; path = ArrayOfWebworkSOAPClassesUser.h; sourceTree = "<group>"; };
		527B1A5814E89D51000B73CA /* ArrayOfWebworkSOAPClassesUser.m */ = {isa = PBXFileReference; fileEncoding = 4; lastKnownFileType = sourcecode.c.objc; path = ArrayOfWebworkSOAPClassesUser.m; sourceTree = "<group>"; };
		527B1A5914E89D51000B73CA /* ArrayOfWebworkSOAPClassesUserProblem.h */ = {isa = PBXFileReference; fileEncoding = 4; lastKnownFileType = sourcecode.c.h; path = ArrayOfWebworkSOAPClassesUserProblem.h; sourceTree = "<group>"; };
		527B1A5A14E89D51000B73CA /* ArrayOfWebworkSOAPClassesUserProblem.m */ = {isa = PBXFileReference; fileEncoding = 4; lastKnownFileType = sourcecode.c.objc; path = ArrayOfWebworkSOAPClassesUserProblem.m; sourceTree = "<group>"; };
		527B1A5B14E89D51000B73CA /* ArrayOfWebworkSOAPClassesUserSet.h */ = {isa = PBXFileReference; fileEncoding = 4; lastKnownFileType = sourcecode.c.h; path = ArrayOfWebworkSOAPClassesUserSet.h; sourceTree = "<group>"; };
		527B1A5C14E89D51000B73CA /* ArrayOfWebworkSOAPClassesUserSet.m */ = {isa = PBXFileReference; fileEncoding = 4; lastKnownFileType = sourcecode.c.objc; path = ArrayOfWebworkSOAPClassesUserSet.m; sourceTree = "<group>"; };
		527B1A5D14E89D51000B73CA /* Services.h */ = {isa = PBXFileReference; fileEncoding = 4; lastKnownFileType = sourcecode.c.h; path = Services.h; sourceTree = "<group>"; };
		527B1A5E14E89D51000B73CA /* Services.m */ = {isa = PBXFileReference; fileEncoding = 4; lastKnownFileType = sourcecode.c.objc; path = Services.m; sourceTree = "<group>"; };
		527B1A5F14E89D51000B73CA /* Soap+Prefix.h */ = {isa = PBXFileReference; fileEncoding = 4; lastKnownFileType = sourcecode.c.h; path = "Soap+Prefix.h"; sourceTree = "<group>"; };
		527B1A6014E89D51000B73CA /* Soap+Prefix.m */ = {isa = PBXFileReference; fileEncoding = 4; lastKnownFileType = sourcecode.c.objc; path = "Soap+Prefix.m"; sourceTree = "<group>"; };
		527B1A6114E89D51000B73CA /* WebworkSOAPClassesGlobalProblem.h */ = {isa = PBXFileReference; fileEncoding = 4; lastKnownFileType = sourcecode.c.h; path = WebworkSOAPClassesGlobalProblem.h; sourceTree = "<group>"; };
		527B1A6214E89D51000B73CA /* WebworkSOAPClassesGlobalProblem.m */ = {isa = PBXFileReference; fileEncoding = 4; lastKnownFileType = sourcecode.c.objc; path = WebworkSOAPClassesGlobalProblem.m; sourceTree = "<group>"; };
		527B1A6314E89D51000B73CA /* WebworkSOAPClassesGlobalSet.h */ = {isa = PBXFileReference; fileEncoding = 4; lastKnownFileType = sourcecode.c.h; path = WebworkSOAPClassesGlobalSet.h; sourceTree = "<group>"; };
		527B1A6414E89D51000B73CA /* WebworkSOAPClassesGlobalSet.m */ = {isa = PBXFileReference; fileEncoding = 4; lastKnownFileType = sourcecode.c.objc; path = WebworkSOAPClassesGlobalSet.m; sourceTree = "<group>"; };
		527B1A6514E89D51000B73CA /* WebworkSOAPClassesKey.h */ = {isa = PBXFileReference; fileEncoding = 4; lastKnownFileType = sourcecode.c.h; path = WebworkSOAPClassesKey.h; sourceTree = "<group>"; };
		527B1A6614E89D51000B73CA /* WebworkSOAPClassesKey.m */ = {isa = PBXFileReference; fileEncoding = 4; lastKnownFileType = sourcecode.c.objc; path = WebworkSOAPClassesKey.m; sourceTree = "<group>"; };
		527B1A6714E89D51000B73CA /* WebworkSOAPClassesPassword.h */ = {isa = PBXFileReference; fileEncoding = 4; lastKnownFileType = sourcecode.c.h; path = WebworkSOAPClassesPassword.h; sourceTree = "<group>"; };
		527B1A6814E89D51000B73CA /* WebworkSOAPClassesPassword.m */ = {isa = PBXFileReference; fileEncoding = 4; lastKnownFileType = sourcecode.c.objc; path = WebworkSOAPClassesPassword.m; sourceTree = "<group>"; };
		527B1A6914E89D51000B73CA /* WebworkSOAPClassesPermission.h */ = {isa = PBXFileReference; fileEncoding = 4; lastKnownFileType = sourcecode.c.h; path = WebworkSOAPClassesPermission.h; sourceTree = "<group>"; };
		527B1A6A14E89D51000B73CA /* WebworkSOAPClassesPermission.m */ = {isa = PBXFileReference; fileEncoding = 4; lastKnownFileType = sourcecode.c.objc; path = WebworkSOAPClassesPermission.m; sourceTree = "<group>"; };
		527B1A6B14E89D51000B73CA /* WebworkSOAPClassesUser.h */ = {isa = PBXFileReference; fileEncoding = 4; lastKnownFileType = sourcecode.c.h; path = WebworkSOAPClassesUser.h; sourceTree = "<group>"; };
		527B1A6C14E89D51000B73CA /* WebworkSOAPClassesUser.m */ = {isa = PBXFileReference; fileEncoding = 4; lastKnownFileType = sourcecode.c.objc; path = WebworkSOAPClassesUser.m; sourceTree = "<group>"; };
		527B1A6D14E89D51000B73CA /* WebworkSOAPClassesUserProblem.h */ = {isa = PBXFileReference; fileEncoding = 4; lastKnownFileType = sourcecode.c.h; path = WebworkSOAPClassesUserProblem.h; sourceTree = "<group>"; };
		527B1A6E14E89D51000B73CA /* WebworkSOAPClassesUserProblem.m */ = {isa = PBXFileReference; fileEncoding = 4; lastKnownFileType = sourcecode.c.objc; path = WebworkSOAPClassesUserProblem.m; sourceTree = "<group>"; };
		527B1A6F14E89D51000B73CA /* WebworkSOAPClassesUserSet.h */ = {isa = PBXFileReference; fileEncoding = 4; lastKnownFileType = sourcecode.c.h; path = WebworkSOAPClassesUserSet.h; sourceTree = "<group>"; };
		527B1A7014E89D51000B73CA /* WebworkSOAPClassesUserSet.m */ = {isa = PBXFileReference; fileEncoding = 4; lastKnownFileType = sourcecode.c.objc; path = WebworkSOAPClassesUserSet.m; sourceTree = "<group>"; };
		527B1A7114E89D51000B73CA /* WebworkSOAPHandlerService.h */ = {isa = PBXFileReference; fileEncoding = 4; lastKnownFileType = sourcecode.c.h; path = WebworkSOAPHandlerService.h; sourceTree = "<group>"; };
		527B1A7214E89D51000B73CA /* WebworkSOAPHandlerService.m */ = {isa = PBXFileReference; fileEncoding = 4; lastKnownFileType = sourcecode.c.objc; path = WebworkSOAPHandlerService.m; sourceTree = "<group>"; };
		527B1A8C14E89ED0000B73CA /* .gitignore */ = {isa = PBXFileReference; fileEncoding = 4; lastKnownFileType = text; path = .gitignore; sourceTree = "<group>"; };
		527B1A8D14E89ED0000B73CA /* Changelog */ = {isa = PBXFileReference; fileEncoding = 4; lastKnownFileType = text; path = Changelog; sourceTree = "<group>"; };
		527B1A8E14E89ED0000B73CA /* LICENSE */ = {isa = PBXFileReference; fileEncoding = 4; lastKnownFileType = text; path = LICENSE; sourceTree = "<group>"; };
		527B1A8F14E89ED0000B73CA /* README.md */ = {isa = PBXFileReference; fileEncoding = 4; lastKnownFileType = text; path = README.md; sourceTree = "<group>"; };
		527B1A9214E89ED0000B73CA /* en */ = {isa = PBXFileReference; lastKnownFileType = text.plist.strings; name = en; path = en.lproj/InfoPlist.strings; sourceTree = "<group>"; };
		527B1A9314E89ED0000B73CA /* ExampleAppDelegate.h */ = {isa = PBXFileReference; fileEncoding = 4; lastKnownFileType = sourcecode.c.h; path = ExampleAppDelegate.h; sourceTree = "<group>"; };
		527B1A9414E89ED0000B73CA /* ExampleAppDelegate.m */ = {isa = PBXFileReference; fileEncoding = 4; lastKnownFileType = sourcecode.c.objc; path = ExampleAppDelegate.m; sourceTree = "<group>"; };
		527B1A9514E89ED0000B73CA /* main.m */ = {isa = PBXFileReference; fileEncoding = 4; lastKnownFileType = sourcecode.c.objc; path = main.m; sourceTree = "<group>"; };
		527B1A9614E89ED0000B73CA /* WebViewJavascriptBridge-Info.plist */ = {isa = PBXFileReference; fileEncoding = 4; lastKnownFileType = text.plist.xml; path = "WebViewJavascriptBridge-Info.plist"; sourceTree = "<group>"; };
		527B1A9714E89ED0000B73CA /* WebViewJavascriptBridge-Prefix.pch */ = {isa = PBXFileReference; fileEncoding = 4; lastKnownFileType = sourcecode.c.h; path = "WebViewJavascriptBridge-Prefix.pch"; sourceTree = "<group>"; };
		527B1A9814E89ED0000B73CA /* WebViewJavascriptBridge.h */ = {isa = PBXFileReference; fileEncoding = 4; lastKnownFileType = sourcecode.c.h; path = WebViewJavascriptBridge.h; sourceTree = "<group>"; };
		527B1A9914E89ED0000B73CA /* WebViewJavascriptBridge.m */ = {isa = PBXFileReference; fileEncoding = 4; lastKnownFileType = sourcecode.c.objc; path = WebViewJavascriptBridge.m; sourceTree = "<group>"; };
		527B1A9A14E89ED0000B73CA /* WebViewJavascriptBridge.xcodeproj */ = {isa = PBXFileReference; lastKnownFileType = "wrapper.pb-project"; path = WebViewJavascriptBridge.xcodeproj; sourceTree = "<group>"; };
		527B1AAA14E89ED9000B73CA /* CHANGELOG.md */ = {isa = PBXFileReference; fileEncoding = 4; lastKnownFileType = text; path = CHANGELOG.md; sourceTree = "<group>"; };
		527B1AAB14E89ED9000B73CA /* JSONKit.h */ = {isa = PBXFileReference; fileEncoding = 4; lastKnownFileType = sourcecode.c.h; path = JSONKit.h; sourceTree = "<group>"; };
		527B1AAC14E89ED9000B73CA /* JSONKit.m */ = {isa = PBXFileReference; fileEncoding = 4; lastKnownFileType = sourcecode.c.objc; path = JSONKit.m; sourceTree = "<group>"; };
		527B1AAD14E89ED9000B73CA /* README.md */ = {isa = PBXFileReference; fileEncoding = 4; lastKnownFileType = text; path = README.md; sourceTree = "<group>"; };
/* End PBXFileReference section */

/* Begin PBXFrameworksBuildPhase section */
		5214496314E82B6900B0114A /* Frameworks */ = {
			isa = PBXFrameworksBuildPhase;
			buildActionMask = 2147483647;
			files = (
				52144A3F14E83BF700B0114A /* SystemConfiguration.framework in Frameworks */,
				5214496B14E82B6900B0114A /* UIKit.framework in Frameworks */,
				5214496D14E82B6900B0114A /* Foundation.framework in Frameworks */,
				5214496F14E82B6900B0114A /* CoreGraphics.framework in Frameworks */,
			);
			runOnlyForDeploymentPostprocessing = 0;
		};
		5214498F14E82B6900B0114A /* Frameworks */ = {
			isa = PBXFrameworksBuildPhase;
			buildActionMask = 2147483647;
			files = (
				5214499514E82B6900B0114A /* SenTestingKit.framework in Frameworks */,
				5214499614E82B6900B0114A /* UIKit.framework in Frameworks */,
				5214499714E82B6900B0114A /* Foundation.framework in Frameworks */,
			);
			runOnlyForDeploymentPostprocessing = 0;
		};
/* End PBXFrameworksBuildPhase section */

/* Begin PBXGroup section */
		5214495B14E82B6800B0114A = {
			isa = PBXGroup;
			children = (
				5214497014E82B6900B0114A /* WebWork */,
				5214499A14E82B6900B0114A /* WebWorkTests */,
				5214496914E82B6900B0114A /* Frameworks */,
				5214496714E82B6900B0114A /* Products */,
			);
			sourceTree = "<group>";
		};
		5214496714E82B6900B0114A /* Products */ = {
			isa = PBXGroup;
			children = (
				5214496614E82B6900B0114A /* WebWork.app */,
				5214499314E82B6900B0114A /* WebWorkTests.octest */,
			);
			name = Products;
			sourceTree = "<group>";
		};
		5214496914E82B6900B0114A /* Frameworks */ = {
			isa = PBXGroup;
			children = (
				52144A3E14E83BF700B0114A /* SystemConfiguration.framework */,
				5214496A14E82B6900B0114A /* UIKit.framework */,
				5214496C14E82B6900B0114A /* Foundation.framework */,
				5214496E14E82B6900B0114A /* CoreGraphics.framework */,
				5214499414E82B6900B0114A /* SenTestingKit.framework */,
			);
			name = Frameworks;
			sourceTree = "<group>";
		};
		5214497014E82B6900B0114A /* WebWork */ = {
			isa = PBXGroup;
			children = (
				527B1AA914E89ED9000B73CA /* jsonkit */,
				527B1A8B14E89ED0000B73CA /* webviewjsbridge */,
				521449AB14E82B8400B0114A /* Web Service */,
				5214497914E82B6900B0114A /* AppDelegate.h */,
				5214497A14E82B6900B0114A /* AppDelegate.m */,
				52144A4814E87AE700B0114A /* HomeworkTableViewController.h */,
				52144A4914E87AE800B0114A /* HomeworkTableViewController.m */,
				5214497C14E82B6900B0114A /* MasterViewController.h */,
				5214497D14E82B6900B0114A /* MasterViewController.m */,
				5214497F14E82B6900B0114A /* DetailViewController.h */,
				5214498014E82B6900B0114A /* DetailViewController.m */,
				5214498214E82B6900B0114A /* MasterViewController_iPhone.xib */,
				5214498514E82B6900B0114A /* MasterViewController_iPad.xib */,
				5214498814E82B6900B0114A /* DetailViewController_iPhone.xib */,
				5214498B14E82B6900B0114A /* DetailViewController_iPad.xib */,
				5214497114E82B6900B0114A /* Supporting Files */,
			);
			path = WebWork;
			sourceTree = "<group>";
		};
		5214497114E82B6900B0114A /* Supporting Files */ = {
			isa = PBXGroup;
			children = (
				5214497214E82B6900B0114A /* WebWork-Info.plist */,
				5214497314E82B6900B0114A /* InfoPlist.strings */,
				5214497614E82B6900B0114A /* main.m */,
				5214497814E82B6900B0114A /* WebWork-Prefix.pch */,
			);
			name = "Supporting Files";
			sourceTree = "<group>";
		};
		5214499A14E82B6900B0114A /* WebWorkTests */ = {
			isa = PBXGroup;
			children = (
				521449A014E82B6900B0114A /* WebWorkTests.h */,
				521449A114E82B6900B0114A /* WebWorkTests.m */,
				5214499B14E82B6900B0114A /* Supporting Files */,
			);
			path = WebWorkTests;
			sourceTree = "<group>";
		};
		5214499B14E82B6900B0114A /* Supporting Files */ = {
			isa = PBXGroup;
			children = (
				5214499C14E82B6900B0114A /* WebWorkTests-Info.plist */,
				5214499D14E82B6900B0114A /* InfoPlist.strings */,
			);
			name = "Supporting Files";
			sourceTree = "<group>";
		};
		521449AB14E82B8400B0114A /* Web Service */ = {
			isa = PBXGroup;
			children = (
				527B1A4A14E89D51000B73CA /* Sudzc */,
				52144A2914E8346300B0114A /* TouchXML */,
				52144A0014E8345A00B0114A /* Soap */,
			);
			name = "Web Service";
			sourceTree = "<group>";
		};
		52144A0014E8345A00B0114A /* Soap */ = {
			isa = PBXGroup;
			children = (
				52144A0114E8345A00B0114A /* NSData+Base64.h */,
				52144A0214E8345A00B0114A /* NSData+Base64.m */,
				52144A0314E8345A00B0114A /* NSMutableArray+Soap.h */,
				52144A0414E8345A00B0114A /* NSMutableArray+Soap.m */,
				52144A0514E8345A00B0114A /* Soap.h */,
				52144A0614E8345A00B0114A /* Soap.m */,
				52144A0714E8345A00B0114A /* SoapArray.h */,
				52144A0814E8345A00B0114A /* SoapArray.m */,
				52144A0914E8345A00B0114A /* SoapDelegate.h */,
				52144A0A14E8345A00B0114A /* SoapFault.h */,
				52144A0B14E8345A00B0114A /* SoapFault.m */,
				52144A0C14E8345A00B0114A /* SoapHandler.h */,
				52144A0D14E8345A00B0114A /* SoapHandler.m */,
				52144A0E14E8345A00B0114A /* SoapLiteral.h */,
				52144A0F14E8345A00B0114A /* SoapLiteral.m */,
				52144A1014E8345A00B0114A /* SoapNil.h */,
				52144A1114E8345A00B0114A /* SoapNil.m */,
				52144A1214E8345A00B0114A /* SoapObject.h */,
				52144A1314E8345A00B0114A /* SoapObject.m */,
				52144A1414E8345A00B0114A /* SoapParameter.h */,
				52144A1514E8345A00B0114A /* SoapParameter.m */,
				52144A1614E8345A00B0114A /* SoapReachability.h */,
				52144A1714E8345A00B0114A /* SoapReachability.m */,
				52144A1814E8345A00B0114A /* SoapRequest.h */,
				52144A1914E8345A00B0114A /* SoapRequest.m */,
				52144A1A14E8345A00B0114A /* SoapService.h */,
				52144A1B14E8345A00B0114A /* SoapService.m */,
			);
			path = Soap;
			sourceTree = "<group>";
		};
		52144A2914E8346300B0114A /* TouchXML */ = {
			isa = PBXGroup;
			children = (
				52144A2A14E8346300B0114A /* CXMLDocument.h */,
				52144A2B14E8346300B0114A /* CXMLDocument.m */,
				52144A2C14E8346300B0114A /* CXMLDocument_PrivateExtensions.h */,
				52144A2D14E8346300B0114A /* CXMLDocument_PrivateExtensions.m */,
				52144A2E14E8346300B0114A /* CXMLElement.h */,
				52144A2F14E8346300B0114A /* CXMLElement.m */,
				52144A3014E8346300B0114A /* CXMLNode.h */,
				52144A3114E8346300B0114A /* CXMLNode.m */,
				52144A3214E8346300B0114A /* CXMLNode_PrivateExtensions.h */,
				52144A3314E8346300B0114A /* CXMLNode_PrivateExtensions.m */,
				52144A3414E8346300B0114A /* CXMLNode_XPathExtensions.h */,
				52144A3514E8346300B0114A /* CXMLNode_XPathExtensions.m */,
				52144A3614E8346300B0114A /* TouchXML.h */,
			);
			path = TouchXML;
			sourceTree = "<group>";
		};
		527B1A4A14E89D51000B73CA /* Sudzc */ = {
			isa = PBXGroup;
			children = (
				527B1A4B14E89D51000B73CA /* ArrayOfString.h */,
				527B1A4C14E89D51000B73CA /* ArrayOfString.m */,
				527B1A4D14E89D51000B73CA /* ArrayOfWebworkSOAPClassesGlobalProblem.h */,
				527B1A4E14E89D51000B73CA /* ArrayOfWebworkSOAPClassesGlobalProblem.m */,
				527B1A4F14E89D51000B73CA /* ArrayOfWebworkSOAPClassesGlobalSet.h */,
				527B1A5014E89D51000B73CA /* ArrayOfWebworkSOAPClassesGlobalSet.m */,
				527B1A5114E89D51000B73CA /* ArrayOfWebworkSOAPClassesKey.h */,
				527B1A5214E89D51000B73CA /* ArrayOfWebworkSOAPClassesKey.m */,
				527B1A5314E89D51000B73CA /* ArrayOfWebworkSOAPClassesPassword.h */,
				527B1A5414E89D51000B73CA /* ArrayOfWebworkSOAPClassesPassword.m */,
				527B1A5514E89D51000B73CA /* ArrayOfWebworkSOAPClassesPermission.h */,
				527B1A5614E89D51000B73CA /* ArrayOfWebworkSOAPClassesPermission.m */,
				527B1A5714E89D51000B73CA /* ArrayOfWebworkSOAPClassesUser.h */,
				527B1A5814E89D51000B73CA /* ArrayOfWebworkSOAPClassesUser.m */,
				527B1A5914E89D51000B73CA /* ArrayOfWebworkSOAPClassesUserProblem.h */,
				527B1A5A14E89D51000B73CA /* ArrayOfWebworkSOAPClassesUserProblem.m */,
				527B1A5B14E89D51000B73CA /* ArrayOfWebworkSOAPClassesUserSet.h */,
				527B1A5C14E89D51000B73CA /* ArrayOfWebworkSOAPClassesUserSet.m */,
				527B1A5D14E89D51000B73CA /* Services.h */,
				527B1A5E14E89D51000B73CA /* Services.m */,
				527B1A5F14E89D51000B73CA /* Soap+Prefix.h */,
				527B1A6014E89D51000B73CA /* Soap+Prefix.m */,
				527B1A6114E89D51000B73CA /* WebworkSOAPClassesGlobalProblem.h */,
				527B1A6214E89D51000B73CA /* WebworkSOAPClassesGlobalProblem.m */,
				527B1A6314E89D51000B73CA /* WebworkSOAPClassesGlobalSet.h */,
				527B1A6414E89D51000B73CA /* WebworkSOAPClassesGlobalSet.m */,
				527B1A6514E89D51000B73CA /* WebworkSOAPClassesKey.h */,
				527B1A6614E89D51000B73CA /* WebworkSOAPClassesKey.m */,
				527B1A6714E89D51000B73CA /* WebworkSOAPClassesPassword.h */,
				527B1A6814E89D51000B73CA /* WebworkSOAPClassesPassword.m */,
				527B1A6914E89D51000B73CA /* WebworkSOAPClassesPermission.h */,
				527B1A6A14E89D51000B73CA /* WebworkSOAPClassesPermission.m */,
				527B1A6B14E89D51000B73CA /* WebworkSOAPClassesUser.h */,
				527B1A6C14E89D51000B73CA /* WebworkSOAPClassesUser.m */,
				527B1A6D14E89D51000B73CA /* WebworkSOAPClassesUserProblem.h */,
				527B1A6E14E89D51000B73CA /* WebworkSOAPClassesUserProblem.m */,
				527B1A6F14E89D51000B73CA /* WebworkSOAPClassesUserSet.h */,
				527B1A7014E89D51000B73CA /* WebworkSOAPClassesUserSet.m */,
				527B1A7114E89D51000B73CA /* WebworkSOAPHandlerService.h */,
				527B1A7214E89D51000B73CA /* WebworkSOAPHandlerService.m */,
			);
			path = Sudzc;
			sourceTree = "<group>";
		};
		527B1A8B14E89ED0000B73CA /* webviewjsbridge */ = {
			isa = PBXGroup;
			children = (
				527B1A8C14E89ED0000B73CA /* .gitignore */,
				527B1A8D14E89ED0000B73CA /* Changelog */,
				527B1A8E14E89ED0000B73CA /* LICENSE */,
				527B1A8F14E89ED0000B73CA /* README.md */,
				527B1A9014E89ED0000B73CA /* WebViewJavascriptBridge */,
				527B1A9A14E89ED0000B73CA /* WebViewJavascriptBridge.xcodeproj */,
			);
			path = webviewjsbridge;
			sourceTree = "<group>";
		};
		527B1A9014E89ED0000B73CA /* WebViewJavascriptBridge */ = {
			isa = PBXGroup;
			children = (
				527B1A9114E89ED0000B73CA /* InfoPlist.strings */,
				527B1A9314E89ED0000B73CA /* ExampleAppDelegate.h */,
				527B1A9414E89ED0000B73CA /* ExampleAppDelegate.m */,
				527B1A9514E89ED0000B73CA /* main.m */,
				527B1A9614E89ED0000B73CA /* WebViewJavascriptBridge-Info.plist */,
				527B1A9714E89ED0000B73CA /* WebViewJavascriptBridge-Prefix.pch */,
				527B1A9814E89ED0000B73CA /* WebViewJavascriptBridge.h */,
				527B1A9914E89ED0000B73CA /* WebViewJavascriptBridge.m */,
			);
			path = WebViewJavascriptBridge;
			sourceTree = "<group>";
		};
		527B1A9B14E89ED0000B73CA /* Products */ = {
			isa = PBXGroup;
			children = (
				527B1AA814E89ED0000B73CA /* WebViewJavascriptBridge.app */,
			);
			name = Products;
			sourceTree = "<group>";
		};
		527B1AA914E89ED9000B73CA /* jsonkit */ = {
			isa = PBXGroup;
			children = (
				527B1AAA14E89ED9000B73CA /* CHANGELOG.md */,
				527B1AAB14E89ED9000B73CA /* JSONKit.h */,
				527B1AAC14E89ED9000B73CA /* JSONKit.m */,
				527B1AAD14E89ED9000B73CA /* README.md */,
			);
			path = jsonkit;
			sourceTree = "<group>";
		};
/* End PBXGroup section */

/* Begin PBXNativeTarget section */
		5214496514E82B6900B0114A /* WebWork */ = {
			isa = PBXNativeTarget;
			buildConfigurationList = 521449A514E82B6900B0114A /* Build configuration list for PBXNativeTarget "WebWork" */;
			buildPhases = (
				5214496214E82B6900B0114A /* Sources */,
				5214496314E82B6900B0114A /* Frameworks */,
				5214496414E82B6900B0114A /* Resources */,
			);
			buildRules = (
			);
			dependencies = (
			);
			name = WebWork;
			productName = WebWork;
			productReference = 5214496614E82B6900B0114A /* WebWork.app */;
			productType = "com.apple.product-type.application";
		};
		5214499214E82B6900B0114A /* WebWorkTests */ = {
			isa = PBXNativeTarget;
			buildConfigurationList = 521449A814E82B6900B0114A /* Build configuration list for PBXNativeTarget "WebWorkTests" */;
			buildPhases = (
				5214498E14E82B6900B0114A /* Sources */,
				5214498F14E82B6900B0114A /* Frameworks */,
				5214499014E82B6900B0114A /* Resources */,
				5214499114E82B6900B0114A /* ShellScript */,
			);
			buildRules = (
			);
			dependencies = (
				5214499914E82B6900B0114A /* PBXTargetDependency */,
			);
			name = WebWorkTests;
			productName = WebWorkTests;
			productReference = 5214499314E82B6900B0114A /* WebWorkTests.octest */;
			productType = "com.apple.product-type.bundle";
		};
/* End PBXNativeTarget section */

/* Begin PBXProject section */
		5214495D14E82B6800B0114A /* Project object */ = {
			isa = PBXProject;
			attributes = {
				LastUpgradeCheck = 0420;
				ORGANIZATIONNAME = "The WeBWorK Project";
			};
			buildConfigurationList = 5214496014E82B6800B0114A /* Build configuration list for PBXProject "WebWork" */;
			compatibilityVersion = "Xcode 3.2";
			developmentRegion = English;
			hasScannedForEncodings = 0;
			knownRegions = (
				en,
			);
			mainGroup = 5214495B14E82B6800B0114A;
			productRefGroup = 5214496714E82B6900B0114A /* Products */;
			projectDirPath = "";
			projectReferences = (
				{
					ProductGroup = 527B1A9B14E89ED0000B73CA /* Products */;
					ProjectRef = 527B1A9A14E89ED0000B73CA /* WebViewJavascriptBridge.xcodeproj */;
				},
			);
			projectRoot = "";
			targets = (
				5214496514E82B6900B0114A /* WebWork */,
				5214499214E82B6900B0114A /* WebWorkTests */,
			);
		};
/* End PBXProject section */

/* Begin PBXReferenceProxy section */
		527B1AA814E89ED0000B73CA /* WebViewJavascriptBridge.app */ = {
			isa = PBXReferenceProxy;
			fileType = wrapper.application;
			path = WebViewJavascriptBridge.app;
			remoteRef = 527B1AA714E89ED0000B73CA /* PBXContainerItemProxy */;
			sourceTree = BUILT_PRODUCTS_DIR;
		};
/* End PBXReferenceProxy section */

/* Begin PBXResourcesBuildPhase section */
		5214496414E82B6900B0114A /* Resources */ = {
			isa = PBXResourcesBuildPhase;
			buildActionMask = 2147483647;
			files = (
				5214497514E82B6900B0114A /* InfoPlist.strings in Resources */,
				5214498414E82B6900B0114A /* MasterViewController_iPhone.xib in Resources */,
				5214498714E82B6900B0114A /* MasterViewController_iPad.xib in Resources */,
				5214498A14E82B6900B0114A /* DetailViewController_iPhone.xib in Resources */,
				5214498D14E82B6900B0114A /* DetailViewController_iPad.xib in Resources */,
			);
			runOnlyForDeploymentPostprocessing = 0;
		};
		5214499014E82B6900B0114A /* Resources */ = {
			isa = PBXResourcesBuildPhase;
			buildActionMask = 2147483647;
			files = (
				5214499F14E82B6900B0114A /* InfoPlist.strings in Resources */,
			);
			runOnlyForDeploymentPostprocessing = 0;
		};
/* End PBXResourcesBuildPhase section */

/* Begin PBXShellScriptBuildPhase section */
		5214499114E82B6900B0114A /* ShellScript */ = {
			isa = PBXShellScriptBuildPhase;
			buildActionMask = 2147483647;
			files = (
			);
			inputPaths = (
			);
			outputPaths = (
			);
			runOnlyForDeploymentPostprocessing = 0;
			shellPath = /bin/sh;
			shellScript = "# Run the unit tests in this test bundle.\n\"${SYSTEM_DEVELOPER_DIR}/Tools/RunUnitTests\"\n";
		};
/* End PBXShellScriptBuildPhase section */

/* Begin PBXSourcesBuildPhase section */
		5214496214E82B6900B0114A /* Sources */ = {
			isa = PBXSourcesBuildPhase;
			buildActionMask = 2147483647;
			files = (
				5214497714E82B6900B0114A /* main.m in Sources */,
				5214497B14E82B6900B0114A /* AppDelegate.m in Sources */,
				5214497E14E82B6900B0114A /* MasterViewController.m in Sources */,
				5214498114E82B6900B0114A /* DetailViewController.m in Sources */,
				52144A1C14E8345A00B0114A /* NSData+Base64.m in Sources */,
				52144A1D14E8345A00B0114A /* NSMutableArray+Soap.m in Sources */,
				52144A1E14E8345A00B0114A /* Soap.m in Sources */,
				52144A1F14E8345A00B0114A /* SoapArray.m in Sources */,
				52144A2014E8345A00B0114A /* SoapFault.m in Sources */,
				52144A2114E8345A00B0114A /* SoapHandler.m in Sources */,
				52144A2214E8345A00B0114A /* SoapLiteral.m in Sources */,
				52144A2314E8345A00B0114A /* SoapNil.m in Sources */,
				52144A2414E8345A00B0114A /* SoapObject.m in Sources */,
				52144A2514E8345A00B0114A /* SoapParameter.m in Sources */,
				52144A2614E8345A00B0114A /* SoapReachability.m in Sources */,
				52144A2714E8345A00B0114A /* SoapRequest.m in Sources */,
				52144A2814E8345A00B0114A /* SoapService.m in Sources */,
				52144A3714E8346300B0114A /* CXMLDocument.m in Sources */,
				52144A3814E8346300B0114A /* CXMLDocument_PrivateExtensions.m in Sources */,
				52144A3914E8346300B0114A /* CXMLElement.m in Sources */,
				52144A3A14E8346300B0114A /* CXMLNode.m in Sources */,
				52144A3B14E8346300B0114A /* CXMLNode_PrivateExtensions.m in Sources */,
				52144A3C14E8346300B0114A /* CXMLNode_XPathExtensions.m in Sources */,
				52144A4B14E87AE900B0114A /* HomeworkTableViewController.m in Sources */,
				527B1A7314E89D51000B73CA /* ArrayOfString.m in Sources */,
				527B1A7414E89D51000B73CA /* ArrayOfWebworkSOAPClassesGlobalProblem.m in Sources */,
				527B1A7514E89D51000B73CA /* ArrayOfWebworkSOAPClassesGlobalSet.m in Sources */,
				527B1A7614E89D51000B73CA /* ArrayOfWebworkSOAPClassesKey.m in Sources */,
				527B1A7714E89D51000B73CA /* ArrayOfWebworkSOAPClassesPassword.m in Sources */,
				527B1A7814E89D51000B73CA /* ArrayOfWebworkSOAPClassesPermission.m in Sources */,
				527B1A7914E89D51000B73CA /* ArrayOfWebworkSOAPClassesUser.m in Sources */,
				527B1A7A14E89D51000B73CA /* ArrayOfWebworkSOAPClassesUserProblem.m in Sources */,
				527B1A7B14E89D51000B73CA /* ArrayOfWebworkSOAPClassesUserSet.m in Sources */,
				527B1A7C14E89D51000B73CA /* Services.m in Sources */,
				527B1A7D14E89D51000B73CA /* Soap+Prefix.m in Sources */,
				527B1A7E14E89D51000B73CA /* WebworkSOAPClassesGlobalProblem.m in Sources */,
				527B1A7F14E89D51000B73CA /* WebworkSOAPClassesGlobalSet.m in Sources */,
				527B1A8014E89D51000B73CA /* WebworkSOAPClassesKey.m in Sources */,
				527B1A8114E89D51000B73CA /* WebworkSOAPClassesPassword.m in Sources */,
				527B1A8214E89D51000B73CA /* WebworkSOAPClassesPermission.m in Sources */,
				527B1A8314E89D51000B73CA /* WebworkSOAPClassesUser.m in Sources */,
				527B1A8414E89D51000B73CA /* WebworkSOAPClassesUserProblem.m in Sources */,
				527B1A8514E89D51000B73CA /* WebworkSOAPClassesUserSet.m in Sources */,
				527B1A8614E89D51000B73CA /* WebworkSOAPHandlerService.m in Sources */,
				527B1AA514E89ED0000B73CA /* WebViewJavascriptBridge.m in Sources */,
				527B1AAF14E89ED9000B73CA /* JSONKit.m in Sources */,
			);
			runOnlyForDeploymentPostprocessing = 0;
		};
		5214498E14E82B6900B0114A /* Sources */ = {
			isa = PBXSourcesBuildPhase;
			buildActionMask = 2147483647;
			files = (
				521449A214E82B6900B0114A /* WebWorkTests.m in Sources */,
			);
			runOnlyForDeploymentPostprocessing = 0;
		};
/* End PBXSourcesBuildPhase section */

/* Begin PBXTargetDependency section */
		5214499914E82B6900B0114A /* PBXTargetDependency */ = {
			isa = PBXTargetDependency;
			target = 5214496514E82B6900B0114A /* WebWork */;
			targetProxy = 5214499814E82B6900B0114A /* PBXContainerItemProxy */;
		};
/* End PBXTargetDependency section */

/* Begin PBXVariantGroup section */
		5214497314E82B6900B0114A /* InfoPlist.strings */ = {
			isa = PBXVariantGroup;
			children = (
				5214497414E82B6900B0114A /* en */,
			);
			name = InfoPlist.strings;
			sourceTree = "<group>";
		};
		5214498214E82B6900B0114A /* MasterViewController_iPhone.xib */ = {
			isa = PBXVariantGroup;
			children = (
				5214498314E82B6900B0114A /* en */,
			);
			name = MasterViewController_iPhone.xib;
			sourceTree = "<group>";
		};
		5214498514E82B6900B0114A /* MasterViewController_iPad.xib */ = {
			isa = PBXVariantGroup;
			children = (
				5214498614E82B6900B0114A /* en */,
			);
			name = MasterViewController_iPad.xib;
			sourceTree = "<group>";
		};
		5214498814E82B6900B0114A /* DetailViewController_iPhone.xib */ = {
			isa = PBXVariantGroup;
			children = (
				5214498914E82B6900B0114A /* en */,
			);
			name = DetailViewController_iPhone.xib;
			sourceTree = "<group>";
		};
		5214498B14E82B6900B0114A /* DetailViewController_iPad.xib */ = {
			isa = PBXVariantGroup;
			children = (
				5214498C14E82B6900B0114A /* en */,
			);
			name = DetailViewController_iPad.xib;
			sourceTree = "<group>";
		};
		5214499D14E82B6900B0114A /* InfoPlist.strings */ = {
			isa = PBXVariantGroup;
			children = (
				5214499E14E82B6900B0114A /* en */,
			);
			name = InfoPlist.strings;
			sourceTree = "<group>";
		};
		527B1A9114E89ED0000B73CA /* InfoPlist.strings */ = {
			isa = PBXVariantGroup;
			children = (
				527B1A9214E89ED0000B73CA /* en */,
			);
			name = InfoPlist.strings;
			sourceTree = "<group>";
		};
/* End PBXVariantGroup section */

/* Begin XCBuildConfiguration section */
		521449A314E82B6900B0114A /* Debug */ = {
			isa = XCBuildConfiguration;
			buildSettings = {
				ALWAYS_SEARCH_USER_PATHS = NO;
				ARCHS = "$(ARCHS_STANDARD_32_BIT)";
				"CODE_SIGN_IDENTITY[sdk=iphoneos*]" = "iPhone Developer";
				COPY_PHASE_STRIP = NO;
				GCC_C_LANGUAGE_STANDARD = gnu99;
				GCC_DYNAMIC_NO_PIC = NO;
				GCC_OPTIMIZATION_LEVEL = 0;
				GCC_PREPROCESSOR_DEFINITIONS = (
					"DEBUG=1",
					"$(inherited)",
				);
				GCC_SYMBOLS_PRIVATE_EXTERN = NO;
				GCC_VERSION = com.apple.compilers.llvm.clang.1_0;
				GCC_WARN_ABOUT_MISSING_PROTOTYPES = YES;
				GCC_WARN_ABOUT_RETURN_TYPE = YES;
				GCC_WARN_UNUSED_VARIABLE = YES;
				IPHONEOS_DEPLOYMENT_TARGET = 5.0;
				OTHER_CFLAGS = "";
				OTHER_LDFLAGS = "-lxml2";
				SDKROOT = iphoneos;
				TARGETED_DEVICE_FAMILY = "1,2";
			};
			name = Debug;
		};
		521449A414E82B6900B0114A /* Release */ = {
			isa = XCBuildConfiguration;
			buildSettings = {
				ALWAYS_SEARCH_USER_PATHS = NO;
				ARCHS = "$(ARCHS_STANDARD_32_BIT)";
				"CODE_SIGN_IDENTITY[sdk=iphoneos*]" = "iPhone Developer";
				COPY_PHASE_STRIP = YES;
				GCC_C_LANGUAGE_STANDARD = gnu99;
				GCC_VERSION = com.apple.compilers.llvm.clang.1_0;
				GCC_WARN_ABOUT_MISSING_PROTOTYPES = YES;
				GCC_WARN_ABOUT_RETURN_TYPE = YES;
				GCC_WARN_UNUSED_VARIABLE = YES;
				IPHONEOS_DEPLOYMENT_TARGET = 5.0;
				OTHER_CFLAGS = "-DNS_BLOCK_ASSERTIONS=1";
				OTHER_LDFLAGS = "-lxml2";
				SDKROOT = iphoneos;
				TARGETED_DEVICE_FAMILY = "1,2";
				VALIDATE_PRODUCT = YES;
			};
			name = Release;
		};
		521449A614E82B6900B0114A /* Debug */ = {
			isa = XCBuildConfiguration;
			buildSettings = {
				GCC_PRECOMPILE_PREFIX_HEADER = YES;
				GCC_PREFIX_HEADER = "WebWork/WebWork-Prefix.pch";
				HEADER_SEARCH_PATHS = /usr/include/libxml2;
				INFOPLIST_FILE = "WebWork/WebWork-Info.plist";
				PRODUCT_NAME = "$(TARGET_NAME)";
				WRAPPER_EXTENSION = app;
			};
			name = Debug;
		};
		521449A714E82B6900B0114A /* Release */ = {
			isa = XCBuildConfiguration;
			buildSettings = {
				GCC_PRECOMPILE_PREFIX_HEADER = YES;
				GCC_PREFIX_HEADER = "WebWork/WebWork-Prefix.pch";
				HEADER_SEARCH_PATHS = /usr/include/libxml2;
				INFOPLIST_FILE = "WebWork/WebWork-Info.plist";
				PRODUCT_NAME = "$(TARGET_NAME)";
				WRAPPER_EXTENSION = app;
			};
			name = Release;
		};
		521449A914E82B6900B0114A /* Debug */ = {
			isa = XCBuildConfiguration;
			buildSettings = {
				BUNDLE_LOADER = "$(BUILT_PRODUCTS_DIR)/WebWork.app/WebWork";
				FRAMEWORK_SEARCH_PATHS = (
					"$(SDKROOT)/Developer/Library/Frameworks",
					"$(DEVELOPER_LIBRARY_DIR)/Frameworks",
				);
				GCC_PRECOMPILE_PREFIX_HEADER = YES;
				GCC_PREFIX_HEADER = "WebWork/WebWork-Prefix.pch";
				INFOPLIST_FILE = "WebWorkTests/WebWorkTests-Info.plist";
				PRODUCT_NAME = "$(TARGET_NAME)";
				TEST_HOST = "$(BUNDLE_LOADER)";
				WRAPPER_EXTENSION = octest;
			};
			name = Debug;
		};
		521449AA14E82B6900B0114A /* Release */ = {
			isa = XCBuildConfiguration;
			buildSettings = {
				BUNDLE_LOADER = "$(BUILT_PRODUCTS_DIR)/WebWork.app/WebWork";
				FRAMEWORK_SEARCH_PATHS = (
					"$(SDKROOT)/Developer/Library/Frameworks",
					"$(DEVELOPER_LIBRARY_DIR)/Frameworks",
				);
				GCC_PRECOMPILE_PREFIX_HEADER = YES;
				GCC_PREFIX_HEADER = "WebWork/WebWork-Prefix.pch";
				INFOPLIST_FILE = "WebWorkTests/WebWorkTests-Info.plist";
				PRODUCT_NAME = "$(TARGET_NAME)";
				TEST_HOST = "$(BUNDLE_LOADER)";
				WRAPPER_EXTENSION = octest;
			};
			name = Release;
		};
/* End XCBuildConfiguration section */

/* Begin XCConfigurationList section */
		5214496014E82B6800B0114A /* Build configuration list for PBXProject "WebWork" */ = {
			isa = XCConfigurationList;
			buildConfigurations = (
				521449A314E82B6900B0114A /* Debug */,
				521449A414E82B6900B0114A /* Release */,
			);
			defaultConfigurationIsVisible = 0;
			defaultConfigurationName = Release;
		};
		521449A514E82B6900B0114A /* Build configuration list for PBXNativeTarget "WebWork" */ = {
			isa = XCConfigurationList;
			buildConfigurations = (
				521449A614E82B6900B0114A /* Debug */,
				521449A714E82B6900B0114A /* Release */,
			);
			defaultConfigurationIsVisible = 0;
			defaultConfigurationName = Release;
		};
		521449A814E82B6900B0114A /* Build configuration list for PBXNativeTarget "WebWorkTests" */ = {
			isa = XCConfigurationList;
			buildConfigurations = (
				521449A914E82B6900B0114A /* Debug */,
				521449AA14E82B6900B0114A /* Release */,
			);
			defaultConfigurationIsVisible = 0;
			defaultConfigurationName = Release;
		};
/* End XCConfigurationList section */
	};
	rootObject = 5214495D14E82B6800B0114A /* Project object */;
}
