// !$*UTF8*$!
{
	archiveVersion = 1;
	classes = {
	};
	objectVersion = 46;
	objects = {

/* Begin PBXBuildFile section */
		5214496B14E82B6900B0114A /* UIKit.framework in Frameworks */ = {isa = PBXBuildFile; fileRef = 5214496A14E82B6900B0114A /* UIKit.framework */; };
		5214496D14E82B6900B0114A /* Foundation.framework in Frameworks */ = {isa = PBXBuildFile; fileRef = 5214496C14E82B6900B0114A /* Foundation.framework */; };
		5214496F14E82B6900B0114A /* CoreGraphics.framework in Frameworks */ = {isa = PBXBuildFile; fileRef = 5214496E14E82B6900B0114A /* CoreGraphics.framework */; };
		5214497514E82B6900B0114A /* InfoPlist.strings in Resources */ = {isa = PBXBuildFile; fileRef = 5214497314E82B6900B0114A /* InfoPlist.strings */; };
		5214497714E82B6900B0114A /* main.m in Sources */ = {isa = PBXBuildFile; fileRef = 5214497614E82B6900B0114A /* main.m */; };
		5214497B14E82B6900B0114A /* AppDelegate.m in Sources */ = {isa = PBXBuildFile; fileRef = 5214497A14E82B6900B0114A /* AppDelegate.m */; };
		5214497E14E82B6900B0114A /* MasterViewController.m in Sources */ = {isa = PBXBuildFile; fileRef = 5214497D14E82B6900B0114A /* MasterViewController.m */; };
		5214498114E82B6900B0114A /* DetailViewController.m in Sources */ = {isa = PBXBuildFile; fileRef = 5214498014E82B6900B0114A /* DetailViewController.m */; };
		5214498414E82B6900B0114A /* MasterViewController_iPhone.xib in Resources */ = {isa = PBXBuildFile; fileRef = 5214498214E82B6900B0114A /* MasterViewController_iPhone.xib */; };
		5214498714E82B6900B0114A /* MasterViewController_iPad.xib in Resources */ = {isa = PBXBuildFile; fileRef = 5214498514E82B6900B0114A /* MasterViewController_iPad.xib */; };
		5214498A14E82B6900B0114A /* DetailViewController_iPhone.xib in Resources */ = {isa = PBXBuildFile; fileRef = 5214498814E82B6900B0114A /* DetailViewController_iPhone.xib */; };
		5214498D14E82B6900B0114A /* DetailViewController_iPad.xib in Resources */ = {isa = PBXBuildFile; fileRef = 5214498B14E82B6900B0114A /* DetailViewController_iPad.xib */; };
		5214499514E82B6900B0114A /* SenTestingKit.framework in Frameworks */ = {isa = PBXBuildFile; fileRef = 5214499414E82B6900B0114A /* SenTestingKit.framework */; };
		5214499614E82B6900B0114A /* UIKit.framework in Frameworks */ = {isa = PBXBuildFile; fileRef = 5214496A14E82B6900B0114A /* UIKit.framework */; };
		5214499714E82B6900B0114A /* Foundation.framework in Frameworks */ = {isa = PBXBuildFile; fileRef = 5214496C14E82B6900B0114A /* Foundation.framework */; };
		5214499F14E82B6900B0114A /* InfoPlist.strings in Resources */ = {isa = PBXBuildFile; fileRef = 5214499D14E82B6900B0114A /* InfoPlist.strings */; };
		521449A214E82B6900B0114A /* WebWorkTests.m in Sources */ = {isa = PBXBuildFile; fileRef = 521449A114E82B6900B0114A /* WebWorkTests.m */; };
/* End PBXBuildFile section */

/* Begin PBXContainerItemProxy section */
		5214499814E82B6900B0114A /* PBXContainerItemProxy */ = {
			isa = PBXContainerItemProxy;
			containerPortal = 5214495D14E82B6800B0114A /* Project object */;
			proxyType = 1;
			remoteGlobalIDString = 5214496514E82B6900B0114A;
			remoteInfo = WebWork;
		};
/* End PBXContainerItemProxy section */

/* Begin PBXFileReference section */
		5214496614E82B6900B0114A /* WebWork.app */ = {isa = PBXFileReference; explicitFileType = wrapper.application; includeInIndex = 0; path = WebWork.app; sourceTree = BUILT_PRODUCTS_DIR; };
		5214496A14E82B6900B0114A /* UIKit.framework */ = {isa = PBXFileReference; lastKnownFileType = wrapper.framework; name = UIKit.framework; path = System/Library/Frameworks/UIKit.framework; sourceTree = SDKROOT; };
		5214496C14E82B6900B0114A /* Foundation.framework */ = {isa = PBXFileReference; lastKnownFileType = wrapper.framework; name = Foundation.framework; path = System/Library/Frameworks/Foundation.framework; sourceTree = SDKROOT; };
		5214496E14E82B6900B0114A /* CoreGraphics.framework */ = {isa = PBXFileReference; lastKnownFileType = wrapper.framework; name = CoreGraphics.framework; path = System/Library/Frameworks/CoreGraphics.framework; sourceTree = SDKROOT; };
		5214497214E82B6900B0114A /* WebWork-Info.plist */ = {isa = PBXFileReference; path = "WebWork-Info.plist"; sourceTree = "<group>"; };
		5214497414E82B6900B0114A /* en */ = {isa = PBXFileReference; lastKnownFileType = text.plist.strings; name = en; path = en.lproj/InfoPlist.strings; sourceTree = "<group>"; };
		5214497614E82B6900B0114A /* main.m */ = {isa = PBXFileReference; lastKnownFileType = sourcecode.c.objc; path = main.m; sourceTree = "<group>"; };
		5214497814E82B6900B0114A /* WebWork-Prefix.pch */ = {isa = PBXFileReference; path = "WebWork-Prefix.pch"; sourceTree = "<group>"; };
		5214497914E82B6900B0114A /* AppDelegate.h */ = {isa = PBXFileReference; path = AppDelegate.h; sourceTree = "<group>"; };
		5214497A14E82B6900B0114A /* AppDelegate.m */ = {isa = PBXFileReference; lastKnownFileType = sourcecode.c.objc; path = AppDelegate.m; sourceTree = "<group>"; };
		5214497C14E82B6900B0114A /* MasterViewController.h */ = {isa = PBXFileReference; path = MasterViewController.h; sourceTree = "<group>"; };
		5214497D14E82B6900B0114A /* MasterViewController.m */ = {isa = PBXFileReference; lastKnownFileType = sourcecode.c.objc; path = MasterViewController.m; sourceTree = "<group>"; };
		5214497F14E82B6900B0114A /* DetailViewController.h */ = {isa = PBXFileReference; path = DetailViewController.h; sourceTree = "<group>"; };
		5214498014E82B6900B0114A /* DetailViewController.m */ = {isa = PBXFileReference; lastKnownFileType = sourcecode.c.objc; path = DetailViewController.m; sourceTree = "<group>"; };
		5214498314E82B6900B0114A /* en */ = {isa = PBXFileReference; lastKnownFileType = file.xib; name = en; path = en.lproj/MasterViewController_iPhone.xib; sourceTree = "<group>"; };
		5214498614E82B6900B0114A /* en */ = {isa = PBXFileReference; lastKnownFileType = file.xib; name = en; path = en.lproj/MasterViewController_iPad.xib; sourceTree = "<group>"; };
		5214498914E82B6900B0114A /* en */ = {isa = PBXFileReference; lastKnownFileType = file.xib; name = en; path = en.lproj/DetailViewController_iPhone.xib; sourceTree = "<group>"; };
		5214498C14E82B6900B0114A /* en */ = {isa = PBXFileReference; lastKnownFileType = file.xib; name = en; path = en.lproj/DetailViewController_iPad.xib; sourceTree = "<group>"; };
		5214499314E82B6900B0114A /* WebWorkTests.octest */ = {isa = PBXFileReference; explicitFileType = wrapper.cfbundle; includeInIndex = 0; path = WebWorkTests.octest; sourceTree = BUILT_PRODUCTS_DIR; };
		5214499414E82B6900B0114A /* SenTestingKit.framework */ = {isa = PBXFileReference; lastKnownFileType = wrapper.framework; name = SenTestingKit.framework; path = Library/Frameworks/SenTestingKit.framework; sourceTree = DEVELOPER_DIR; };
		5214499C14E82B6900B0114A /* WebWorkTests-Info.plist */ = {isa = PBXFileReference; path = "WebWorkTests-Info.plist"; sourceTree = "<group>"; };
		5214499E14E82B6900B0114A /* en */ = {isa = PBXFileReference; lastKnownFileType = text.plist.strings; name = en; path = en.lproj/InfoPlist.strings; sourceTree = "<group>"; };
		521449A014E82B6900B0114A /* WebWorkTests.h */ = {isa = PBXFileReference; path = WebWorkTests.h; sourceTree = "<group>"; };
		521449A114E82B6900B0114A /* WebWorkTests.m */ = {isa = PBXFileReference; lastKnownFileType = sourcecode.c.objc; path = WebWorkTests.m; sourceTree = "<group>"; };
/* End PBXFileReference section */

/* Begin PBXFrameworksBuildPhase section */
		5214496314E82B6900B0114A /* Frameworks */ = {
			isa = PBXFrameworksBuildPhase;
			buildActionMask = 2147483647;
			files = (
				5214496B14E82B6900B0114A /* UIKit.framework in Frameworks */,
				5214496D14E82B6900B0114A /* Foundation.framework in Frameworks */,
				5214496F14E82B6900B0114A /* CoreGraphics.framework in Frameworks */,
			);
			runOnlyForDeploymentPostprocessing = 0;
		};
		5214498F14E82B6900B0114A /* Frameworks */ = {
			isa = PBXFrameworksBuildPhase;
			buildActionMask = 2147483647;
			files = (
				5214499514E82B6900B0114A /* SenTestingKit.framework in Frameworks */,
				5214499614E82B6900B0114A /* UIKit.framework in Frameworks */,
				5214499714E82B6900B0114A /* Foundation.framework in Frameworks */,
			);
			runOnlyForDeploymentPostprocessing = 0;
		};
/* End PBXFrameworksBuildPhase section */

/* Begin PBXGroup section */
		5214495B14E82B6800B0114A = {
			isa = PBXGroup;
			children = (
				5214497014E82B6900B0114A /* WebWork */,
				5214499A14E82B6900B0114A /* WebWorkTests */,
				5214496914E82B6900B0114A /* Frameworks */,
				5214496714E82B6900B0114A /* Products */,
			);
			sourceTree = "<group>";
		};
		5214496714E82B6900B0114A /* Products */ = {
			isa = PBXGroup;
			children = (
				5214496614E82B6900B0114A /* WebWork.app */,
				5214499314E82B6900B0114A /* WebWorkTests.octest */,
			);
			name = Products;
			sourceTree = "<group>";
		};
		5214496914E82B6900B0114A /* Frameworks */ = {
			isa = PBXGroup;
			children = (
				5214496A14E82B6900B0114A /* UIKit.framework */,
				5214496C14E82B6900B0114A /* Foundation.framework */,
				5214496E14E82B6900B0114A /* CoreGraphics.framework */,
				5214499414E82B6900B0114A /* SenTestingKit.framework */,
			);
			name = Frameworks;
			sourceTree = "<group>";
		};
		5214497014E82B6900B0114A /* WebWork */ = {
			isa = PBXGroup;
			children = (
				5214497914E82B6900B0114A /* AppDelegate.h */,
				5214497A14E82B6900B0114A /* AppDelegate.m */,
				5214497C14E82B6900B0114A /* MasterViewController.h */,
				5214497D14E82B6900B0114A /* MasterViewController.m */,
				5214497F14E82B6900B0114A /* DetailViewController.h */,
				5214498014E82B6900B0114A /* DetailViewController.m */,
				5214498214E82B6900B0114A /* MasterViewController_iPhone.xib */,
				5214498514E82B6900B0114A /* MasterViewController_iPad.xib */,
				5214498814E82B6900B0114A /* DetailViewController_iPhone.xib */,
				5214498B14E82B6900B0114A /* DetailViewController_iPad.xib */,
				5214497114E82B6900B0114A /* Supporting Files */,
			);
			path = WebWork;
			sourceTree = "<group>";
		};
		5214497114E82B6900B0114A /* Supporting Files */ = {
			isa = PBXGroup;
			children = (
				5214497214E82B6900B0114A /* WebWork-Info.plist */,
				5214497314E82B6900B0114A /* InfoPlist.strings */,
				5214497614E82B6900B0114A /* main.m */,
				5214497814E82B6900B0114A /* WebWork-Prefix.pch */,
			);
			name = "Supporting Files";
			sourceTree = "<group>";
		};
		5214499A14E82B6900B0114A /* WebWorkTests */ = {
			isa = PBXGroup;
			children = (
				521449A014E82B6900B0114A /* WebWorkTests.h */,
				521449A114E82B6900B0114A /* WebWorkTests.m */,
				5214499B14E82B6900B0114A /* Supporting Files */,
			);
			path = WebWorkTests;
			sourceTree = "<group>";
		};
		5214499B14E82B6900B0114A /* Supporting Files */ = {
			isa = PBXGroup;
			children = (
				5214499C14E82B6900B0114A /* WebWorkTests-Info.plist */,
				5214499D14E82B6900B0114A /* InfoPlist.strings */,
			);
			name = "Supporting Files";
			sourceTree = "<group>";
		};
/* End PBXGroup section */

/* Begin PBXNativeTarget section */
		5214496514E82B6900B0114A /* WebWork */ = {
			isa = PBXNativeTarget;
			buildConfigurationList = 521449A514E82B6900B0114A /* Build configuration list for PBXNativeTarget "WebWork" */;
			buildPhases = (
				5214496214E82B6900B0114A /* Sources */,
				5214496314E82B6900B0114A /* Frameworks */,
				5214496414E82B6900B0114A /* Resources */,
			);
			buildRules = (
			);
			dependencies = (
			);
			name = WebWork;
			productName = WebWork;
			productReference = 5214496614E82B6900B0114A /* WebWork.app */;
			productType = "com.apple.product-type.application";
		};
		5214499214E82B6900B0114A /* WebWorkTests */ = {
			isa = PBXNativeTarget;
			buildConfigurationList = 521449A814E82B6900B0114A /* Build configuration list for PBXNativeTarget "WebWorkTests" */;
			buildPhases = (
				5214498E14E82B6900B0114A /* Sources */,
				5214498F14E82B6900B0114A /* Frameworks */,
				5214499014E82B6900B0114A /* Resources */,
				5214499114E82B6900B0114A /* ShellScript */,
			);
			buildRules = (
			);
			dependencies = (
				5214499914E82B6900B0114A /* PBXTargetDependency */,
			);
			name = WebWorkTests;
			productName = WebWorkTests;
			productReference = 5214499314E82B6900B0114A /* WebWorkTests.octest */;
			productType = "com.apple.product-type.bundle";
		};
/* End PBXNativeTarget section */

/* Begin PBXProject section */
		5214495D14E82B6800B0114A /* Project object */ = {
			isa = PBXProject;
			attributes = {
				LastUpgradeCheck = 0420;
			};
			buildConfigurationList = 5214496014E82B6800B0114A /* Build configuration list for PBXProject "WebWork" */;
			compatibilityVersion = "Xcode 3.2";
			developmentRegion = English;
			hasScannedForEncodings = 0;
			knownRegions = (
				en,
			);
			mainGroup = 5214495B14E82B6800B0114A;
			productRefGroup = 5214496714E82B6900B0114A /* Products */;
			projectDirPath = "";
			projectRoot = "";
			targets = (
				5214496514E82B6900B0114A /* WebWork */,
				5214499214E82B6900B0114A /* WebWorkTests */,
			);
		};
/* End PBXProject section */

/* Begin PBXResourcesBuildPhase section */
		5214496414E82B6900B0114A /* Resources */ = {
			isa = PBXResourcesBuildPhase;
			buildActionMask = 2147483647;
			files = (
				5214497514E82B6900B0114A /* InfoPlist.strings in Resources */,
				5214498414E82B6900B0114A /* MasterViewController_iPhone.xib in Resources */,
				5214498714E82B6900B0114A /* MasterViewController_iPad.xib in Resources */,
				5214498A14E82B6900B0114A /* DetailViewController_iPhone.xib in Resources */,
				5214498D14E82B6900B0114A /* DetailViewController_iPad.xib in Resources */,
			);
			runOnlyForDeploymentPostprocessing = 0;
		};
		5214499014E82B6900B0114A /* Resources */ = {
			isa = PBXResourcesBuildPhase;
			buildActionMask = 2147483647;
			files = (
				5214499F14E82B6900B0114A /* InfoPlist.strings in Resources */,
			);
			runOnlyForDeploymentPostprocessing = 0;
		};
/* End PBXResourcesBuildPhase section */

/* Begin PBXShellScriptBuildPhase section */
		5214499114E82B6900B0114A /* ShellScript */ = {
			isa = PBXShellScriptBuildPhase;
			buildActionMask = 2147483647;
			files = (
			);
			inputPaths = (
			);
			outputPaths = (
			);
			runOnlyForDeploymentPostprocessing = 0;
			shellPath = /bin/sh;
			shellScript = "# Run the unit tests in this test bundle.\n\"${SYSTEM_DEVELOPER_DIR}/Tools/RunUnitTests\"\n";
		};
/* End PBXShellScriptBuildPhase section */

/* Begin PBXSourcesBuildPhase section */
		5214496214E82B6900B0114A /* Sources */ = {
			isa = PBXSourcesBuildPhase;
			buildActionMask = 2147483647;
			files = (
				5214497714E82B6900B0114A /* main.m in Sources */,
				5214497B14E82B6900B0114A /* AppDelegate.m in Sources */,
				5214497E14E82B6900B0114A /* MasterViewController.m in Sources */,
				5214498114E82B6900B0114A /* DetailViewController.m in Sources */,
			);
			runOnlyForDeploymentPostprocessing = 0;
		};
		5214498E14E82B6900B0114A /* Sources */ = {
			isa = PBXSourcesBuildPhase;
			buildActionMask = 2147483647;
			files = (
				521449A214E82B6900B0114A /* WebWorkTests.m in Sources */,
			);
			runOnlyForDeploymentPostprocessing = 0;
		};
/* End PBXSourcesBuildPhase section */

/* Begin PBXTargetDependency section */
		5214499914E82B6900B0114A /* PBXTargetDependency */ = {
			isa = PBXTargetDependency;
			target = 5214496514E82B6900B0114A /* WebWork */;
			targetProxy = 5214499814E82B6900B0114A /* PBXContainerItemProxy */;
		};
/* End PBXTargetDependency section */

/* Begin PBXVariantGroup section */
		5214497314E82B6900B0114A /* InfoPlist.strings */ = {
			isa = PBXVariantGroup;
			children = (
				5214497414E82B6900B0114A /* en */,
			);
			name = InfoPlist.strings;
			sourceTree = "<group>";
		};
		5214498214E82B6900B0114A /* MasterViewController_iPhone.xib */ = {
			isa = PBXVariantGroup;
			children = (
				5214498314E82B6900B0114A /* en */,
			);
			name = MasterViewController_iPhone.xib;
			sourceTree = "<group>";
		};
		5214498514E82B6900B0114A /* MasterViewController_iPad.xib */ = {
			isa = PBXVariantGroup;
			children = (
				5214498614E82B6900B0114A /* en */,
			);
			name = MasterViewController_iPad.xib;
			sourceTree = "<group>";
		};
		5214498814E82B6900B0114A /* DetailViewController_iPhone.xib */ = {
			isa = PBXVariantGroup;
			children = (
				5214498914E82B6900B0114A /* en */,
			);
			name = DetailViewController_iPhone.xib;
			sourceTree = "<group>";
		};
		5214498B14E82B6900B0114A /* DetailViewController_iPad.xib */ = {
			isa = PBXVariantGroup;
			children = (
				5214498C14E82B6900B0114A /* en */,
			);
			name = DetailViewController_iPad.xib;
			sourceTree = "<group>";
		};
		5214499D14E82B6900B0114A /* InfoPlist.strings */ = {
			isa = PBXVariantGroup;
			children = (
				5214499E14E82B6900B0114A /* en */,
			);
			name = InfoPlist.strings;
			sourceTree = "<group>";
		};
/* End PBXVariantGroup section */

/* Begin XCBuildConfiguration section */
		521449A314E82B6900B0114A /* Debug */ = {
			isa = XCBuildConfiguration;
			buildSettings = {
				ALWAYS_SEARCH_USER_PATHS = NO;
				ARCHS = "$(ARCHS_STANDARD_32_BIT)";
				"CODE_SIGN_IDENTITY[sdk=iphoneos*]" = "iPhone Developer";
				COPY_PHASE_STRIP = NO;
				GCC_C_LANGUAGE_STANDARD = gnu99;
				GCC_DYNAMIC_NO_PIC = NO;
				GCC_OPTIMIZATION_LEVEL = 0;
				GCC_PREPROCESSOR_DEFINITIONS = (
					"DEBUG=1",
					"$(inherited)",
				);
				GCC_SYMBOLS_PRIVATE_EXTERN = NO;
				GCC_VERSION = com.apple.compilers.llvm.clang.1_0;
				GCC_WARN_ABOUT_MISSING_PROTOTYPES = YES;
				GCC_WARN_ABOUT_RETURN_TYPE = YES;
				GCC_WARN_UNUSED_VARIABLE = YES;
				IPHONEOS_DEPLOYMENT_TARGET = 5.0;
				SDKROOT = iphoneos;
				TARGETED_DEVICE_FAMILY = "1,2";
			};
			name = Debug;
		};
		521449A414E82B6900B0114A /* Release */ = {
			isa = XCBuildConfiguration;
			buildSettings = {
				ALWAYS_SEARCH_USER_PATHS = NO;
				ARCHS = "$(ARCHS_STANDARD_32_BIT)";
				"CODE_SIGN_IDENTITY[sdk=iphoneos*]" = "iPhone Developer";
				COPY_PHASE_STRIP = YES;
				GCC_C_LANGUAGE_STANDARD = gnu99;
				GCC_VERSION = com.apple.compilers.llvm.clang.1_0;
				GCC_WARN_ABOUT_MISSING_PROTOTYPES = YES;
				GCC_WARN_ABOUT_RETURN_TYPE = YES;
				GCC_WARN_UNUSED_VARIABLE = YES;
				IPHONEOS_DEPLOYMENT_TARGET = 5.0;
				OTHER_CFLAGS = "-DNS_BLOCK_ASSERTIONS=1";
				SDKROOT = iphoneos;
				TARGETED_DEVICE_FAMILY = "1,2";
				VALIDATE_PRODUCT = YES;
			};
			name = Release;
		};
		521449A614E82B6900B0114A /* Debug */ = {
			isa = XCBuildConfiguration;
			buildSettings = {
				GCC_PRECOMPILE_PREFIX_HEADER = YES;
				GCC_PREFIX_HEADER = "WebWork/WebWork-Prefix.pch";
				INFOPLIST_FILE = "WebWork/WebWork-Info.plist";
				PRODUCT_NAME = "$(TARGET_NAME)";
				WRAPPER_EXTENSION = app;
			};
			name = Debug;
		};
		521449A714E82B6900B0114A /* Release */ = {
			isa = XCBuildConfiguration;
			buildSettings = {
				GCC_PRECOMPILE_PREFIX_HEADER = YES;
				GCC_PREFIX_HEADER = "WebWork/WebWork-Prefix.pch";
				INFOPLIST_FILE = "WebWork/WebWork-Info.plist";
				PRODUCT_NAME = "$(TARGET_NAME)";
				WRAPPER_EXTENSION = app;
			};
			name = Release;
		};
		521449A914E82B6900B0114A /* Debug */ = {
			isa = XCBuildConfiguration;
			buildSettings = {
				BUNDLE_LOADER = "$(BUILT_PRODUCTS_DIR)/WebWork.app/WebWork";
				FRAMEWORK_SEARCH_PATHS = (
					"$(SDKROOT)/Developer/Library/Frameworks",
					"$(DEVELOPER_LIBRARY_DIR)/Frameworks",
				);
				GCC_PRECOMPILE_PREFIX_HEADER = YES;
				GCC_PREFIX_HEADER = "WebWork/WebWork-Prefix.pch";
				INFOPLIST_FILE = "WebWorkTests/WebWorkTests-Info.plist";
				PRODUCT_NAME = "$(TARGET_NAME)";
				TEST_HOST = "$(BUNDLE_LOADER)";
				WRAPPER_EXTENSION = octest;
			};
			name = Debug;
		};
		521449AA14E82B6900B0114A /* Release */ = {
			isa = XCBuildConfiguration;
			buildSettings = {
				BUNDLE_LOADER = "$(BUILT_PRODUCTS_DIR)/WebWork.app/WebWork";
				FRAMEWORK_SEARCH_PATHS = (
					"$(SDKROOT)/Developer/Library/Frameworks",
					"$(DEVELOPER_LIBRARY_DIR)/Frameworks",
				);
				GCC_PRECOMPILE_PREFIX_HEADER = YES;
				GCC_PREFIX_HEADER = "WebWork/WebWork-Prefix.pch";
				INFOPLIST_FILE = "WebWorkTests/WebWorkTests-Info.plist";
				PRODUCT_NAME = "$(TARGET_NAME)";
				TEST_HOST = "$(BUNDLE_LOADER)";
				WRAPPER_EXTENSION = octest;
			};
			name = Release;
		};
/* End XCBuildConfiguration section */

/* Begin XCConfigurationList section */
		5214496014E82B6800B0114A /* Build configuration list for PBXProject "WebWork" */ = {
			isa = XCConfigurationList;
			buildConfigurations = (
				521449A314E82B6900B0114A /* Debug */,
				521449A414E82B6900B0114A /* Release */,
			);
			defaultConfigurationIsVisible = 0;
			defaultConfigurationName = Release;
		};
		521449A514E82B6900B0114A /* Build configuration list for PBXNativeTarget "WebWork" */ = {
			isa = XCConfigurationList;
			buildConfigurations = (
				521449A614E82B6900B0114A /* Debug */,
				521449A714E82B6900B0114A /* Release */,
			);
			defaultConfigurationIsVisible = 0;
		};
		521449A814E82B6900B0114A /* Build configuration list for PBXNativeTarget "WebWorkTests" */ = {
			isa = XCConfigurationList;
			buildConfigurations = (
				521449A914E82B6900B0114A /* Debug */,
				521449AA14E82B6900B0114A /* Release */,
			);
			defaultConfigurationIsVisible = 0;
		};
/* End XCConfigurationList section */
	};
	rootObject = 5214495D14E82B6800B0114A /* Project object */;
}
